// !$*UTF8*$!
{
	archiveVersion = 1;
	classes = {
	};
	objectVersion = 77;
	objects = {

/* Begin PBXBuildFile section */
		529895A02EAC4D87000F57F8 /* LocalizationManager.swift in Sources */ = {isa = PBXBuildFile; fileRef = 5298959F2EAC4D87000F57F8 /* LocalizationManager.swift */; };
		529895A22EAC50F7000F57F8 /* OnboardingSlideData.swift in Sources */ = {isa = PBXBuildFile; fileRef = 529895A12EAC50F7000F57F8 /* OnboardingSlideData.swift */; };
		529895A42EAC511B000F57F8 /* PinkyPromiseAnimationView.swift in Sources */ = {isa = PBXBuildFile; fileRef = 529895A32EAC511B000F57F8 /* PinkyPromiseAnimationView.swift */; };
		529895A62EAC56BF000F57F8 /* PromiValidationAnimationView.swift in Sources */ = {isa = PBXBuildFile; fileRef = 529895A52EAC56BF000F57F8 /* PromiValidationAnimationView.swift */; };
		529895A82EAC5746000F57F8 /* UrgencyIntensityView.swift in Sources */ = {isa = PBXBuildFile; fileRef = 529895A72EAC5746000F57F8 /* UrgencyIntensityView.swift */; };
		529895AA2EAC5797000F57F8 /* NewHeaderView.swift in Sources */ = {isa = PBXBuildFile; fileRef = 529895A92EAC5797000F57F8 /* NewHeaderView.swift */; };
		529895AC2EAC57B7000F57F8 /* IconButton.swift in Sources */ = {isa = PBXBuildFile; fileRef = 529895AB2EAC57B7000F57F8 /* IconButton.swift */; };
		529895AE2EAC57E0000F57F8 /* KarmaView.swift in Sources */ = {isa = PBXBuildFile; fileRef = 529895AD2EAC57E0000F57F8 /* KarmaView.swift */; };
		529895B02EAC6153000F57F8 /* TutorialStep.swift in Sources */ = {isa = PBXBuildFile; fileRef = 529895AF2EAC6153000F57F8 /* TutorialStep.swift */; };
		529895B22EAC6181000F57F8 /* TutorialOverlayView.swift in Sources */ = {isa = PBXBuildFile; fileRef = 529895B12EAC6181000F57F8 /* TutorialOverlayView.swift */; };
		52D3F04F2EABF4630048149B /* PromiApp.swift in Sources */ = {isa = PBXBuildFile; fileRef = 52D3F04E2EABF4630048149B /* PromiApp.swift */; };
		52D3F0532EABF4650048149B /* Assets.xcassets in Resources */ = {isa = PBXBuildFile; fileRef = 52D3F0522EABF4650048149B /* Assets.xcassets */; };
		52D3F0692EABF6320048149B /* Brand.swift in Sources */ = {isa = PBXBuildFile; fileRef = 52D3F0682EABF6320048149B /* Brand.swift */; };
		52D3F06B2EABF6FF0048149B /* Haptics.swift in Sources */ = {isa = PBXBuildFile; fileRef = 52D3F06A2EABF6FF0048149B /* Haptics.swift */; };
		52D3F06D2EABF80C0048149B /* Appearance.swift in Sources */ = {isa = PBXBuildFile; fileRef = 52D3F06C2EABF80C0048149B /* Appearance.swift */; };
		52D3F06F2EABF83A0048149B /* PromiItem.swift in Sources */ = {isa = PBXBuildFile; fileRef = 52D3F06E2EABF83A0048149B /* PromiItem.swift */; };
		52D3F0712EABF8620048149B /* Reaction.swift in Sources */ = {isa = PBXBuildFile; fileRef = 52D3F0702EABF8620048149B /* Reaction.swift */; };
		52D3F0732EABF8870048149B /* KarmaState.swift in Sources */ = {isa = PBXBuildFile; fileRef = 52D3F0722EABF8870048149B /* KarmaState.swift */; };
		52D3F0752EABF8A60048149B /* UserStore.swift in Sources */ = {isa = PBXBuildFile; fileRef = 52D3F0742EABF8A60048149B /* UserStore.swift */; };
		52D3F0772EABF8CA0048149B /* PromiStore.swift in Sources */ = {isa = PBXBuildFile; fileRef = 52D3F0762EABF8CA0048149B /* PromiStore.swift */; };
		52D3F0792EABF9000048149B /* KarmaStore.swift in Sources */ = {isa = PBXBuildFile; fileRef = 52D3F0782EABF9000048149B /* KarmaStore.swift */; };
		52D3F07B2EABF9DF0048149B /* SplashScreenView.swift in Sources */ = {isa = PBXBuildFile; fileRef = 52D3F07A2EABF9DF0048149B /* SplashScreenView.swift */; };
		52D3F07D2EABFA0A0048149B /* LanguageSelectionView.swift in Sources */ = {isa = PBXBuildFile; fileRef = 52D3F07C2EABFA0A0048149B /* LanguageSelectionView.swift */; };
		52D3F07F2EABFA2A0048149B /* OnboardingView.swift in Sources */ = {isa = PBXBuildFile; fileRef = 52D3F07E2EABFA2A0048149B /* OnboardingView.swift */; };
		52D3F0812EABFA8A0048149B /* ContentView.swift in Sources */ = {isa = PBXBuildFile; fileRef = 52D3F0802EABFA8A0048149B /* ContentView.swift */; };
		52D3F0832EABFAA90048149B /* HeaderView.swift in Sources */ = {isa = PBXBuildFile; fileRef = 52D3F0822EABFAA90048149B /* HeaderView.swift */; };
		52D3F0852EABFADA0048149B /* SortTabsView.swift in Sources */ = {isa = PBXBuildFile; fileRef = 52D3F0842EABFADA0048149B /* SortTabsView.swift */; };
		52D3F0872EABFB0C0048149B /* PromiCardView.swift in Sources */ = {isa = PBXBuildFile; fileRef = 52D3F0862EABFB0C0048149B /* PromiCardView.swift */; };
		52D3F0892EABFB780048149B /* BravoButton.swift in Sources */ = {isa = PBXBuildFile; fileRef = 52D3F0882EABFB780048149B /* BravoButton.swift */; };
		52D3F08B2EABFD070048149B /* FloatingButton.swift in Sources */ = {isa = PBXBuildFile; fileRef = 52D3F08A2EABFD070048149B /* FloatingButton.swift */; };
		52D3F08D2EABFD260048149B /* AddPromiView.swift in Sources */ = {isa = PBXBuildFile; fileRef = 52D3F08C2EABFD260048149B /* AddPromiView.swift */; };
		52D3F08F2EABFD4E0048149B /* HeartIntensityView.swift in Sources */ = {isa = PBXBuildFile; fileRef = 52D3F08E2EABFD4E0048149B /* HeartIntensityView.swift */; };
		52D3F0912EABFD6F0048149B /* CommentsView.swift in Sources */ = {isa = PBXBuildFile; fileRef = 52D3F0902EABFD6F0048149B /* CommentsView.swift */; };
		52D3F0932EABFD940048149B /* PaletteView.swift in Sources */ = {isa = PBXBuildFile; fileRef = 52D3F0922EABFD940048149B /* PaletteView.swift */; };
		52D3F0952EABFDB10048149B /* SettingsView.swift in Sources */ = {isa = PBXBuildFile; fileRef = 52D3F0942EABFDB10048149B /* SettingsView.swift */; };
		52E1A2412EAD14D1007EFAA8 /* CustomIcons.swift in Sources */ = {isa = PBXBuildFile; fileRef = 52E1A2402EAD14D1007EFAA8 /* CustomIcons.swift */; };
		52E1A2432EAD14EF007EFAA8 /* BottomIconsBar.swift in Sources */ = {isa = PBXBuildFile; fileRef = 52E1A2422EAD14EF007EFAA8 /* BottomIconsBar.swift */; };
		52E1A2452EAD150C007EFAA8 /* MinimalHeaderView.swift in Sources */ = {isa = PBXBuildFile; fileRef = 52E1A2442EAD150C007EFAA8 /* MinimalHeaderView.swift */; };
		52E1A2472EAD1541007EFAA8 /* MinimalSortTabsView.swift in Sources */ = {isa = PBXBuildFile; fileRef = 52E1A2462EAD1541007EFAA8 /* MinimalSortTabsView.swift */; };
		52E1A2492EAD155F007EFAA8 /* MinimalPromiCardView.swift in Sources */ = {isa = PBXBuildFile; fileRef = 52E1A2482EAD155F007EFAA8 /* MinimalPromiCardView.swift */; };
		52E1A24B2EAD1580007EFAA8 /* DraftsView.swift in Sources */ = {isa = PBXBuildFile; fileRef = 52E1A24A2EAD1580007EFAA8 /* DraftsView.swift */; };
/* End PBXBuildFile section */

/* Begin PBXFileReference section */
		5298959F2EAC4D87000F57F8 /* LocalizationManager.swift */ = {isa = PBXFileReference; lastKnownFileType = sourcecode.swift; path = LocalizationManager.swift; sourceTree = "<group>"; };
		529895A12EAC50F7000F57F8 /* OnboardingSlideData.swift */ = {isa = PBXFileReference; lastKnownFileType = sourcecode.swift; path = OnboardingSlideData.swift; sourceTree = "<group>"; };
		529895A32EAC511B000F57F8 /* PinkyPromiseAnimationView.swift */ = {isa = PBXFileReference; lastKnownFileType = sourcecode.swift; path = PinkyPromiseAnimationView.swift; sourceTree = "<group>"; };
		529895A52EAC56BF000F57F8 /* PromiValidationAnimationView.swift */ = {isa = PBXFileReference; lastKnownFileType = sourcecode.swift; path = PromiValidationAnimationView.swift; sourceTree = "<group>"; };
		529895A72EAC5746000F57F8 /* UrgencyIntensityView.swift */ = {isa = PBXFileReference; lastKnownFileType = sourcecode.swift; path = UrgencyIntensityView.swift; sourceTree = "<group>"; };
		529895A92EAC5797000F57F8 /* NewHeaderView.swift */ = {isa = PBXFileReference; lastKnownFileType = sourcecode.swift; path = NewHeaderView.swift; sourceTree = "<group>"; };
		529895AB2EAC57B7000F57F8 /* IconButton.swift */ = {isa = PBXFileReference; lastKnownFileType = sourcecode.swift; path = IconButton.swift; sourceTree = "<group>"; };
		529895AD2EAC57E0000F57F8 /* KarmaView.swift */ = {isa = PBXFileReference; lastKnownFileType = sourcecode.swift; path = KarmaView.swift; sourceTree = "<group>"; };
		529895AF2EAC6153000F57F8 /* TutorialStep.swift */ = {isa = PBXFileReference; lastKnownFileType = sourcecode.swift; path = TutorialStep.swift; sourceTree = "<group>"; };
		529895B12EAC6181000F57F8 /* TutorialOverlayView.swift */ = {isa = PBXFileReference; lastKnownFileType = sourcecode.swift; path = TutorialOverlayView.swift; sourceTree = "<group>"; };
		52D3F04B2EABF4630048149B /* Promi.app */ = {isa = PBXFileReference; explicitFileType = wrapper.application; includeInIndex = 0; path = Promi.app; sourceTree = BUILT_PRODUCTS_DIR; };
		52D3F04E2EABF4630048149B /* PromiApp.swift */ = {isa = PBXFileReference; lastKnownFileType = sourcecode.swift; path = PromiApp.swift; sourceTree = "<group>"; };
		52D3F0522EABF4650048149B /* Assets.xcassets */ = {isa = PBXFileReference; lastKnownFileType = folder.assetcatalog; path = Assets.xcassets; sourceTree = "<group>"; };
		52D3F0682EABF6320048149B /* Brand.swift */ = {isa = PBXFileReference; lastKnownFileType = sourcecode.swift; path = Brand.swift; sourceTree = "<group>"; };
		52D3F06A2EABF6FF0048149B /* Haptics.swift */ = {isa = PBXFileReference; lastKnownFileType = sourcecode.swift; path = Haptics.swift; sourceTree = "<group>"; };
		52D3F06C2EABF80C0048149B /* Appearance.swift */ = {isa = PBXFileReference; lastKnownFileType = sourcecode.swift; path = Appearance.swift; sourceTree = "<group>"; };
		52D3F06E2EABF83A0048149B /* PromiItem.swift */ = {isa = PBXFileReference; lastKnownFileType = sourcecode.swift; path = PromiItem.swift; sourceTree = "<group>"; };
		52D3F0702EABF8620048149B /* Reaction.swift */ = {isa = PBXFileReference; lastKnownFileType = sourcecode.swift; path = Reaction.swift; sourceTree = "<group>"; };
		52D3F0722EABF8870048149B /* KarmaState.swift */ = {isa = PBXFileReference; lastKnownFileType = sourcecode.swift; path = KarmaState.swift; sourceTree = "<group>"; };
		52D3F0742EABF8A60048149B /* UserStore.swift */ = {isa = PBXFileReference; lastKnownFileType = sourcecode.swift; path = UserStore.swift; sourceTree = "<group>"; };
		52D3F0762EABF8CA0048149B /* PromiStore.swift */ = {isa = PBXFileReference; lastKnownFileType = sourcecode.swift; path = PromiStore.swift; sourceTree = "<group>"; };
		52D3F0782EABF9000048149B /* KarmaStore.swift */ = {isa = PBXFileReference; lastKnownFileType = sourcecode.swift; path = KarmaStore.swift; sourceTree = "<group>"; };
		52D3F07A2EABF9DF0048149B /* SplashScreenView.swift */ = {isa = PBXFileReference; lastKnownFileType = sourcecode.swift; path = SplashScreenView.swift; sourceTree = "<group>"; };
		52D3F07C2EABFA0A0048149B /* LanguageSelectionView.swift */ = {isa = PBXFileReference; lastKnownFileType = sourcecode.swift; path = LanguageSelectionView.swift; sourceTree = "<group>"; };
		52D3F07E2EABFA2A0048149B /* OnboardingView.swift */ = {isa = PBXFileReference; lastKnownFileType = sourcecode.swift; path = OnboardingView.swift; sourceTree = "<group>"; };
		52D3F0802EABFA8A0048149B /* ContentView.swift */ = {isa = PBXFileReference; lastKnownFileType = sourcecode.swift; path = ContentView.swift; sourceTree = "<group>"; };
		52D3F0822EABFAA90048149B /* HeaderView.swift */ = {isa = PBXFileReference; lastKnownFileType = sourcecode.swift; path = HeaderView.swift; sourceTree = "<group>"; };
		52D3F0842EABFADA0048149B /* SortTabsView.swift */ = {isa = PBXFileReference; lastKnownFileType = sourcecode.swift; path = SortTabsView.swift; sourceTree = "<group>"; };
		52D3F0862EABFB0C0048149B /* PromiCardView.swift */ = {isa = PBXFileReference; lastKnownFileType = sourcecode.swift; path = PromiCardView.swift; sourceTree = "<group>"; };
		52D3F0882EABFB780048149B /* BravoButton.swift */ = {isa = PBXFileReference; lastKnownFileType = sourcecode.swift; path = BravoButton.swift; sourceTree = "<group>"; };
		52D3F08A2EABFD070048149B /* FloatingButton.swift */ = {isa = PBXFileReference; lastKnownFileType = sourcecode.swift; path = FloatingButton.swift; sourceTree = "<group>"; };
		52D3F08C2EABFD260048149B /* AddPromiView.swift */ = {isa = PBXFileReference; lastKnownFileType = sourcecode.swift; path = AddPromiView.swift; sourceTree = "<group>"; };
		52D3F08E2EABFD4E0048149B /* HeartIntensityView.swift */ = {isa = PBXFileReference; lastKnownFileType = sourcecode.swift; path = HeartIntensityView.swift; sourceTree = "<group>"; };
		52D3F0902EABFD6F0048149B /* CommentsView.swift */ = {isa = PBXFileReference; lastKnownFileType = sourcecode.swift; path = CommentsView.swift; sourceTree = "<group>"; };
		52D3F0922EABFD940048149B /* PaletteView.swift */ = {isa = PBXFileReference; lastKnownFileType = sourcecode.swift; path = PaletteView.swift; sourceTree = "<group>"; };
		52D3F0942EABFDB10048149B /* SettingsView.swift */ = {isa = PBXFileReference; lastKnownFileType = sourcecode.swift; path = SettingsView.swift; sourceTree = "<group>"; };
		52E1A2402EAD14D1007EFAA8 /* CustomIcons.swift */ = {isa = PBXFileReference; lastKnownFileType = sourcecode.swift; path = CustomIcons.swift; sourceTree = "<group>"; };
		52E1A2422EAD14EF007EFAA8 /* BottomIconsBar.swift */ = {isa = PBXFileReference; lastKnownFileType = sourcecode.swift; path = BottomIconsBar.swift; sourceTree = "<group>"; };
		52E1A2442EAD150C007EFAA8 /* MinimalHeaderView.swift */ = {isa = PBXFileReference; lastKnownFileType = sourcecode.swift; path = MinimalHeaderView.swift; sourceTree = "<group>"; };
		52E1A2462EAD1541007EFAA8 /* MinimalSortTabsView.swift */ = {isa = PBXFileReference; lastKnownFileType = sourcecode.swift; path = MinimalSortTabsView.swift; sourceTree = "<group>"; };
		52E1A2482EAD155F007EFAA8 /* MinimalPromiCardView.swift */ = {isa = PBXFileReference; lastKnownFileType = sourcecode.swift; path = MinimalPromiCardView.swift; sourceTree = "<group>"; };
		52E1A24A2EAD1580007EFAA8 /* DraftsView.swift */ = {isa = PBXFileReference; lastKnownFileType = sourcecode.swift; path = DraftsView.swift; sourceTree = "<group>"; };
/* End PBXFileReference section */

/* Begin PBXFileSystemSynchronizedRootGroup section */
		52D3F04D2EABF4630048149B /* Promi */ = {
			isa = PBXFileSystemSynchronizedRootGroup;
			path = Promi;
			sourceTree = "<group>";
		};
/* End PBXFileSystemSynchronizedRootGroup section */

/* Begin PBXFrameworksBuildPhase section */
		52D3F0482EABF4630048149B /* Frameworks */ = {
			isa = PBXFrameworksBuildPhase;
			buildActionMask = 2147483647;
			files = (
			);
			runOnlyForDeploymentPostprocessing = 0;
		};
/* End PBXFrameworksBuildPhase section */

/* Begin PBXGroup section */
		52D3F0422EABF4630048149B = {
			isa = PBXGroup;
			children = (
				52D3F0672EABF5AD0048149B /* App */,
				52D3F0662EABF59A0048149B /* Core */,
				52D3F0652EABF5900048149B /* Models */,
				52D3F0642EABF5820048149B /* Stores */,
				52D3F0632EABF5760048149B /* Views */,
				52D3F0622EABF56C0048149B /* Utilities */,
				52D3F0612EABF55C0048149B /* Ressources */,
				52D3F04D2EABF4630048149B /* Promi */,
				52D3F04C2EABF4630048149B /* Products */,
			);
			sourceTree = "<group>";
		};
		52D3F04C2EABF4630048149B /* Products */ = {
			isa = PBXGroup;
			children = (
				52D3F04B2EABF4630048149B /* Promi.app */,
			);
			name = Products;
			sourceTree = "<group>";
		};
		52D3F0612EABF55C0048149B /* Ressources */ = {
			isa = PBXGroup;
			children = (
				52D3F0522EABF4650048149B /* Assets.xcassets */,
			);
			path = Ressources;
			sourceTree = "<group>";
		};
		52D3F0622EABF56C0048149B /* Utilities */ = {
			isa = PBXGroup;
			children = (
				5298959F2EAC4D87000F57F8 /* LocalizationManager.swift */,
			);
			path = Utilities;
			sourceTree = "<group>";
		};
		52D3F0632EABF5760048149B /* Views */ = {
			isa = PBXGroup;
			children = (
				52D3F07A2EABF9DF0048149B /* SplashScreenView.swift */,
				52D3F07C2EABFA0A0048149B /* LanguageSelectionView.swift */,
				52D3F07E2EABFA2A0048149B /* OnboardingView.swift */,
				52D3F0802EABFA8A0048149B /* ContentView.swift */,
				52D3F0822EABFAA90048149B /* HeaderView.swift */,
				52D3F0842EABFADA0048149B /* SortTabsView.swift */,
				52D3F0862EABFB0C0048149B /* PromiCardView.swift */,
				52D3F0882EABFB780048149B /* BravoButton.swift */,
				52D3F08A2EABFD070048149B /* FloatingButton.swift */,
				52D3F08C2EABFD260048149B /* AddPromiView.swift */,
				52D3F08E2EABFD4E0048149B /* HeartIntensityView.swift */,
				52D3F0902EABFD6F0048149B /* CommentsView.swift */,
				52D3F0922EABFD940048149B /* PaletteView.swift */,
				52D3F0942EABFDB10048149B /* SettingsView.swift */,
				529895A32EAC511B000F57F8 /* PinkyPromiseAnimationView.swift */,
				529895A52EAC56BF000F57F8 /* PromiValidationAnimationView.swift */,
				529895A72EAC5746000F57F8 /* UrgencyIntensityView.swift */,
				529895A92EAC5797000F57F8 /* NewHeaderView.swift */,
				529895AB2EAC57B7000F57F8 /* IconButton.swift */,
				529895AD2EAC57E0000F57F8 /* KarmaView.swift */,
				529895B12EAC6181000F57F8 /* TutorialOverlayView.swift */,
				52E1A2402EAD14D1007EFAA8 /* CustomIcons.swift */,
				52E1A2422EAD14EF007EFAA8 /* BottomIconsBar.swift */,
				52E1A2442EAD150C007EFAA8 /* MinimalHeaderView.swift */,
				52E1A2462EAD1541007EFAA8 /* MinimalSortTabsView.swift */,
				52E1A2482EAD155F007EFAA8 /* MinimalPromiCardView.swift */,
				52E1A24A2EAD1580007EFAA8 /* DraftsView.swift */,
			);
			path = Views;
			sourceTree = "<group>";
		};
		52D3F0642EABF5820048149B /* Stores */ = {
			isa = PBXGroup;
			children = (
				52D3F0742EABF8A60048149B /* UserStore.swift */,
				52D3F0762EABF8CA0048149B /* PromiStore.swift */,
				52D3F0782EABF9000048149B /* KarmaStore.swift */,
			);
			path = Stores;
			sourceTree = "<group>";
		};
		52D3F0652EABF5900048149B /* Models */ = {
			isa = PBXGroup;
			children = (
				52D3F06E2EABF83A0048149B /* PromiItem.swift */,
				52D3F0702EABF8620048149B /* Reaction.swift */,
				52D3F0722EABF8870048149B /* KarmaState.swift */,
				529895A12EAC50F7000F57F8 /* OnboardingSlideData.swift */,
				529895AF2EAC6153000F57F8 /* TutorialStep.swift */,
			);
			path = Models;
			sourceTree = "<group>";
		};
		52D3F0662EABF59A0048149B /* Core */ = {
			isa = PBXGroup;
			children = (
				52D3F0682EABF6320048149B /* Brand.swift */,
				52D3F06A2EABF6FF0048149B /* Haptics.swift */,
				52D3F06C2EABF80C0048149B /* Appearance.swift */,
			);
			path = Core;
			sourceTree = "<group>";
		};
		52D3F0672EABF5AD0048149B /* App */ = {
			isa = PBXGroup;
			children = (
				52D3F04E2EABF4630048149B /* PromiApp.swift */,
			);
			path = App;
			sourceTree = "<group>";
		};
/* End PBXGroup section */

/* Begin PBXNativeTarget section */
		52D3F04A2EABF4630048149B /* Promi */ = {
			isa = PBXNativeTarget;
			buildConfigurationList = 52D3F0562EABF4650048149B /* Build configuration list for PBXNativeTarget "Promi" */;
			buildPhases = (
				52D3F0472EABF4630048149B /* Sources */,
				52D3F0482EABF4630048149B /* Frameworks */,
				52D3F0492EABF4630048149B /* Resources */,
			);
			buildRules = (
			);
			dependencies = (
			);
			fileSystemSynchronizedGroups = (
				52D3F04D2EABF4630048149B /* Promi */,
			);
			name = Promi;
			packageProductDependencies = (
			);
			productName = Promi;
			productReference = 52D3F04B2EABF4630048149B /* Promi.app */;
			productType = "com.apple.product-type.application";
		};
/* End PBXNativeTarget section */

/* Begin PBXProject section */
		52D3F0432EABF4630048149B /* Project object */ = {
			isa = PBXProject;
			attributes = {
				BuildIndependentTargetsInParallel = 1;
				LastSwiftUpdateCheck = 2600;
				LastUpgradeCheck = 2600;
				TargetAttributes = {
					52D3F04A2EABF4630048149B = {
						CreatedOnToolsVersion = 26.0.1;
					};
				};
			};
			buildConfigurationList = 52D3F0462EABF4630048149B /* Build configuration list for PBXProject "Promi" */;
			developmentRegion = en;
			hasScannedForEncodings = 0;
			knownRegions = (
				en,
				Base,
			);
			mainGroup = 52D3F0422EABF4630048149B;
			minimizedProjectReferenceProxies = 1;
			preferredProjectObjectVersion = 77;
			productRefGroup = 52D3F04C2EABF4630048149B /* Products */;
			projectDirPath = "";
			projectRoot = "";
			targets = (
				52D3F04A2EABF4630048149B /* Promi */,
			);
		};
/* End PBXProject section */

/* Begin PBXResourcesBuildPhase section */
		52D3F0492EABF4630048149B /* Resources */ = {
			isa = PBXResourcesBuildPhase;
			buildActionMask = 2147483647;
			files = (
				52D3F0532EABF4650048149B /* Assets.xcassets in Resources */,
			);
			runOnlyForDeploymentPostprocessing = 0;
		};
/* End PBXResourcesBuildPhase section */

/* Begin PBXSourcesBuildPhase section */
		52D3F0472EABF4630048149B /* Sources */ = {
			isa = PBXSourcesBuildPhase;
			buildActionMask = 2147483647;
			files = (
				52D3F0732EABF8870048149B /* KarmaState.swift in Sources */,
				52D3F06D2EABF80C0048149B /* Appearance.swift in Sources */,
				52E1A24B2EAD1580007EFAA8 /* DraftsView.swift in Sources */,
				52D3F0812EABFA8A0048149B /* ContentView.swift in Sources */,
				52D3F06B2EABF6FF0048149B /* Haptics.swift in Sources */,
				52E1A2492EAD155F007EFAA8 /* MinimalPromiCardView.swift in Sources */,
				52D3F08B2EABFD070048149B /* FloatingButton.swift in Sources */,
				529895AC2EAC57B7000F57F8 /* IconButton.swift in Sources */,
				529895A02EAC4D87000F57F8 /* LocalizationManager.swift in Sources */,
				52D3F0772EABF8CA0048149B /* PromiStore.swift in Sources */,
				52D3F0912EABFD6F0048149B /* CommentsView.swift in Sources */,
				52D3F0712EABF8620048149B /* Reaction.swift in Sources */,
				52D3F07D2EABFA0A0048149B /* LanguageSelectionView.swift in Sources */,
				529895A42EAC511B000F57F8 /* PinkyPromiseAnimationView.swift in Sources */,
				529895A22EAC50F7000F57F8 /* OnboardingSlideData.swift in Sources */,
				529895AA2EAC5797000F57F8 /* NewHeaderView.swift in Sources */,
				52E1A2452EAD150C007EFAA8 /* MinimalHeaderView.swift in Sources */,
				52D3F0952EABFDB10048149B /* SettingsView.swift in Sources */,
				52D3F08D2EABFD260048149B /* AddPromiView.swift in Sources */,
				52D3F06F2EABF83A0048149B /* PromiItem.swift in Sources */,
				529895AE2EAC57E0000F57F8 /* KarmaView.swift in Sources */,
				52D3F0752EABF8A60048149B /* UserStore.swift in Sources */,
				52D3F08F2EABFD4E0048149B /* HeartIntensityView.swift in Sources */,
				52D3F0692EABF6320048149B /* Brand.swift in Sources */,
				529895A62EAC56BF000F57F8 /* PromiValidationAnimationView.swift in Sources */,
				529895B02EAC6153000F57F8 /* TutorialStep.swift in Sources */,
				52D3F0852EABFADA0048149B /* SortTabsView.swift in Sources */,
				52D3F0832EABFAA90048149B /* HeaderView.swift in Sources */,
				52D3F04F2EABF4630048149B /* PromiApp.swift in Sources */,
				529895A82EAC5746000F57F8 /* UrgencyIntensityView.swift in Sources */,
				52E1A2472EAD1541007EFAA8 /* MinimalSortTabsView.swift in Sources */,
				52D3F0872EABFB0C0048149B /* PromiCardView.swift in Sources */,
				52D3F0792EABF9000048149B /* KarmaStore.swift in Sources */,
				52E1A2432EAD14EF007EFAA8 /* BottomIconsBar.swift in Sources */,
				52E1A2412EAD14D1007EFAA8 /* CustomIcons.swift in Sources */,
				529895B22EAC6181000F57F8 /* TutorialOverlayView.swift in Sources */,
				52D3F07B2EABF9DF0048149B /* SplashScreenView.swift in Sources */,
				52D3F0892EABFB780048149B /* BravoButton.swift in Sources */,
				52D3F07F2EABFA2A0048149B /* OnboardingView.swift in Sources */,
				52D3F0932EABFD940048149B /* PaletteView.swift in Sources */,
			);
			runOnlyForDeploymentPostprocessing = 0;
		};
/* End PBXSourcesBuildPhase section */

/* Begin XCBuildConfiguration section */
		52D3F0542EABF4650048149B /* Debug */ = {
			isa = XCBuildConfiguration;
			buildSettings = {
				ALWAYS_SEARCH_USER_PATHS = NO;
				ASSETCATALOG_COMPILER_GENERATE_SWIFT_ASSET_SYMBOL_EXTENSIONS = YES;
				CLANG_ANALYZER_NONNULL = YES;
				CLANG_ANALYZER_NUMBER_OBJECT_CONVERSION = YES_AGGRESSIVE;
				CLANG_CXX_LANGUAGE_STANDARD = "gnu++20";
				CLANG_ENABLE_MODULES = YES;
				CLANG_ENABLE_OBJC_ARC = YES;
				CLANG_ENABLE_OBJC_WEAK = YES;
				CLANG_WARN_BLOCK_CAPTURE_AUTORELEASING = YES;
				CLANG_WARN_BOOL_CONVERSION = YES;
				CLANG_WARN_COMMA = YES;
				CLANG_WARN_CONSTANT_CONVERSION = YES;
				CLANG_WARN_DEPRECATED_OBJC_IMPLEMENTATIONS = YES;
				CLANG_WARN_DIRECT_OBJC_ISA_USAGE = YES_ERROR;
				CLANG_WARN_DOCUMENTATION_COMMENTS = YES;
				CLANG_WARN_EMPTY_BODY = YES;
				CLANG_WARN_ENUM_CONVERSION = YES;
				CLANG_WARN_INFINITE_RECURSION = YES;
				CLANG_WARN_INT_CONVERSION = YES;
				CLANG_WARN_NON_LITERAL_NULL_CONVERSION = YES;
				CLANG_WARN_OBJC_IMPLICIT_RETAIN_SELF = YES;
				CLANG_WARN_OBJC_LITERAL_CONVERSION = YES;
				CLANG_WARN_OBJC_ROOT_CLASS = YES_ERROR;
				CLANG_WARN_QUOTED_INCLUDE_IN_FRAMEWORK_HEADER = YES;
				CLANG_WARN_RANGE_LOOP_ANALYSIS = YES;
				CLANG_WARN_STRICT_PROTOTYPES = YES;
				CLANG_WARN_SUSPICIOUS_MOVE = YES;
				CLANG_WARN_UNGUARDED_AVAILABILITY = YES_AGGRESSIVE;
				CLANG_WARN_UNREACHABLE_CODE = YES;
				CLANG_WARN__DUPLICATE_METHOD_MATCH = YES;
				COPY_PHASE_STRIP = NO;
				DEBUG_INFORMATION_FORMAT = dwarf;
				ENABLE_STRICT_OBJC_MSGSEND = YES;
				ENABLE_TESTABILITY = YES;
				ENABLE_USER_SCRIPT_SANDBOXING = YES;
				GCC_C_LANGUAGE_STANDARD = gnu17;
				GCC_DYNAMIC_NO_PIC = NO;
				GCC_NO_COMMON_BLOCKS = YES;
				GCC_OPTIMIZATION_LEVEL = 0;
				GCC_PREPROCESSOR_DEFINITIONS = (
					"DEBUG=1",
					"$(inherited)",
				);
				GCC_WARN_64_TO_32_BIT_CONVERSION = YES;
				GCC_WARN_ABOUT_RETURN_TYPE = YES_ERROR;
				GCC_WARN_UNDECLARED_SELECTOR = YES;
				GCC_WARN_UNINITIALIZED_AUTOS = YES_AGGRESSIVE;
				GCC_WARN_UNUSED_FUNCTION = YES;
				GCC_WARN_UNUSED_VARIABLE = YES;
				IPHONEOS_DEPLOYMENT_TARGET = 26.0;
				LOCALIZATION_PREFERS_STRING_CATALOGS = YES;
				MTL_ENABLE_DEBUG_INFO = INCLUDE_SOURCE;
				MTL_FAST_MATH = YES;
				ONLY_ACTIVE_ARCH = YES;
				SDKROOT = iphoneos;
				SWIFT_ACTIVE_COMPILATION_CONDITIONS = "DEBUG $(inherited)";
				SWIFT_OPTIMIZATION_LEVEL = "-Onone";
			};
			name = Debug;
		};
		52D3F0552EABF4650048149B /* Release */ = {
			isa = XCBuildConfiguration;
			buildSettings = {
				ALWAYS_SEARCH_USER_PATHS = NO;
				ASSETCATALOG_COMPILER_GENERATE_SWIFT_ASSET_SYMBOL_EXTENSIONS = YES;
				CLANG_ANALYZER_NONNULL = YES;
				CLANG_ANALYZER_NUMBER_OBJECT_CONVERSION = YES_AGGRESSIVE;
				CLANG_CXX_LANGUAGE_STANDARD = "gnu++20";
				CLANG_ENABLE_MODULES = YES;
				CLANG_ENABLE_OBJC_ARC = YES;
				CLANG_ENABLE_OBJC_WEAK = YES;
				CLANG_WARN_BLOCK_CAPTURE_AUTORELEASING = YES;
				CLANG_WARN_BOOL_CONVERSION = YES;
				CLANG_WARN_COMMA = YES;
				CLANG_WARN_CONSTANT_CONVERSION = YES;
				CLANG_WARN_DEPRECATED_OBJC_IMPLEMENTATIONS = YES;
				CLANG_WARN_DIRECT_OBJC_ISA_USAGE = YES_ERROR;
				CLANG_WARN_DOCUMENTATION_COMMENTS = YES;
				CLANG_WARN_EMPTY_BODY = YES;
				CLANG_WARN_ENUM_CONVERSION = YES;
				CLANG_WARN_INFINITE_RECURSION = YES;
				CLANG_WARN_INT_CONVERSION = YES;
				CLANG_WARN_NON_LITERAL_NULL_CONVERSION = YES;
				CLANG_WARN_OBJC_IMPLICIT_RETAIN_SELF = YES;
				CLANG_WARN_OBJC_LITERAL_CONVERSION = YES;
				CLANG_WARN_OBJC_ROOT_CLASS = YES_ERROR;
				CLANG_WARN_QUOTED_INCLUDE_IN_FRAMEWORK_HEADER = YES;
				CLANG_WARN_RANGE_LOOP_ANALYSIS = YES;
				CLANG_WARN_STRICT_PROTOTYPES = YES;
				CLANG_WARN_SUSPICIOUS_MOVE = YES;
				CLANG_WARN_UNGUARDED_AVAILABILITY = YES_AGGRESSIVE;
				CLANG_WARN_UNREACHABLE_CODE = YES;
				CLANG_WARN__DUPLICATE_METHOD_MATCH = YES;
				COPY_PHASE_STRIP = NO;
				DEBUG_INFORMATION_FORMAT = "dwarf-with-dsym";
				ENABLE_NS_ASSERTIONS = NO;
				ENABLE_STRICT_OBJC_MSGSEND = YES;
				ENABLE_USER_SCRIPT_SANDBOXING = YES;
				GCC_C_LANGUAGE_STANDARD = gnu17;
				GCC_NO_COMMON_BLOCKS = YES;
				GCC_WARN_64_TO_32_BIT_CONVERSION = YES;
				GCC_WARN_ABOUT_RETURN_TYPE = YES_ERROR;
				GCC_WARN_UNDECLARED_SELECTOR = YES;
				GCC_WARN_UNINITIALIZED_AUTOS = YES_AGGRESSIVE;
				GCC_WARN_UNUSED_FUNCTION = YES;
				GCC_WARN_UNUSED_VARIABLE = YES;
				IPHONEOS_DEPLOYMENT_TARGET = 26.0;
				LOCALIZATION_PREFERS_STRING_CATALOGS = YES;
				MTL_ENABLE_DEBUG_INFO = NO;
				MTL_FAST_MATH = YES;
				SDKROOT = iphoneos;
				SWIFT_COMPILATION_MODE = wholemodule;
				VALIDATE_PRODUCT = YES;
			};
			name = Release;
		};
		52D3F0572EABF4650048149B /* Debug */ = {
			isa = XCBuildConfiguration;
			buildSettings = {
				ASSETCATALOG_COMPILER_APPICON_NAME = AppIcon;
				ASSETCATALOG_COMPILER_GLOBAL_ACCENT_COLOR_NAME = AccentColor;
				CODE_SIGN_STYLE = Automatic;
				CURRENT_PROJECT_VERSION = 1;
				ENABLE_PREVIEWS = YES;
				GENERATE_INFOPLIST_FILE = YES;
				INFOPLIST_KEY_NSCameraUsageDescription = "Pour prendre des photos";
				INFOPLIST_KEY_NSMicrophoneUsageDescription = "Pour enregistrer des notes audio";
				INFOPLIST_KEY_NSPhotoLibraryUsageDescription = "Pour ajouter des photos à vos Promis";
				INFOPLIST_KEY_UIApplicationSceneManifest_Generation = YES;
				INFOPLIST_KEY_UIApplicationSupportsIndirectInputEvents = YES;
				INFOPLIST_KEY_UILaunchScreen_Generation = YES;
				INFOPLIST_KEY_UISupportedInterfaceOrientations_iPad = "UIInterfaceOrientationPortrait UIInterfaceOrientationPortraitUpsideDown UIInterfaceOrientationLandscapeLeft UIInterfaceOrientationLandscapeRight";
				INFOPLIST_KEY_UISupportedInterfaceOrientations_iPhone = "UIInterfaceOrientationPortrait UIInterfaceOrientationLandscapeLeft UIInterfaceOrientationLandscapeRight";
				LD_RUNPATH_SEARCH_PATHS = (
					"$(inherited)",
					"@executable_path/Frameworks",
				);
				MARKETING_VERSION = 1.0;
				PRODUCT_BUNDLE_IDENTIFIER = com.tom.promi.Promi;
				PRODUCT_NAME = "$(TARGET_NAME)";
				STRING_CATALOG_GENERATE_SYMBOLS = YES;
				SWIFT_APPROACHABLE_CONCURRENCY = YES;
				SWIFT_DEFAULT_ACTOR_ISOLATION = MainActor;
				SWIFT_EMIT_LOC_STRINGS = YES;
				SWIFT_UPCOMING_FEATURE_MEMBER_IMPORT_VISIBILITY = YES;
				SWIFT_VERSION = 5.0;
				TARGETED_DEVICE_FAMILY = "1,2";
			};
			name = Debug;
		};
		52D3F0582EABF4650048149B /* Release */ = {
			isa = XCBuildConfiguration;
			buildSettings = {
				ASSETCATALOG_COMPILER_APPICON_NAME = AppIcon;
				ASSETCATALOG_COMPILER_GLOBAL_ACCENT_COLOR_NAME = AccentColor;
				CODE_SIGN_STYLE = Automatic;
				CURRENT_PROJECT_VERSION = 1;
				ENABLE_PREVIEWS = YES;
				GENERATE_INFOPLIST_FILE = YES;
				INFOPLIST_KEY_NSCameraUsageDescription = "Pour prendre des photos";
				INFOPLIST_KEY_NSMicrophoneUsageDescription = "Pour enregistrer des notes audio";
				INFOPLIST_KEY_NSPhotoLibraryUsageDescription = "Pour ajouter des photos à vos Promis";
				INFOPLIST_KEY_UIApplicationSceneManifest_Generation = YES;
				INFOPLIST_KEY_UIApplicationSupportsIndirectInputEvents = YES;
				INFOPLIST_KEY_UILaunchScreen_Generation = YES;
				INFOPLIST_KEY_UISupportedInterfaceOrientations_iPad = "UIInterfaceOrientationPortrait UIInterfaceOrientationPortraitUpsideDown UIInterfaceOrientationLandscapeLeft UIInterfaceOrientationLandscapeRight";
				INFOPLIST_KEY_UISupportedInterfaceOrientations_iPhone = "UIInterfaceOrientationPortrait UIInterfaceOrientationLandscapeLeft UIInterfaceOrientationLandscapeRight";
				LD_RUNPATH_SEARCH_PATHS = (
					"$(inherited)",
					"@executable_path/Frameworks",
				);
				MARKETING_VERSION = 1.0;
				PRODUCT_BUNDLE_IDENTIFIER = com.tom.promi.Promi;
				PRODUCT_NAME = "$(TARGET_NAME)";
				STRING_CATALOG_GENERATE_SYMBOLS = YES;
				SWIFT_APPROACHABLE_CONCURRENCY = YES;
				SWIFT_DEFAULT_ACTOR_ISOLATION = MainActor;
				SWIFT_EMIT_LOC_STRINGS = YES;
				SWIFT_UPCOMING_FEATURE_MEMBER_IMPORT_VISIBILITY = YES;
				SWIFT_VERSION = 5.0;
				TARGETED_DEVICE_FAMILY = "1,2";
			};
			name = Release;
		};
/* End XCBuildConfiguration section */

/* Begin XCConfigurationList section */
		52D3F0462EABF4630048149B /* Build configuration list for PBXProject "Promi" */ = {
			isa = XCConfigurationList;
			buildConfigurations = (
				52D3F0542EABF4650048149B /* Debug */,
				52D3F0552EABF4650048149B /* Release */,
			);
			defaultConfigurationIsVisible = 0;
			defaultConfigurationName = Release;
		};
		52D3F0562EABF4650048149B /* Build configuration list for PBXNativeTarget "Promi" */ = {
			isa = XCConfigurationList;
			buildConfigurations = (
				52D3F0572EABF4650048149B /* Debug */,
				52D3F0582EABF4650048149B /* Release */,
			);
			defaultConfigurationIsVisible = 0;
			defaultConfigurationName = Release;
		};
/* End XCConfigurationList section */
	};
	rootObject = 52D3F0432EABF4630048149B /* Project object */;
}
