// !$*UTF8*$!
{
	archiveVersion = 1;
	classes = {
	};
	objectVersion = 77;
	objects = {

/* Begin PBXBuildFile section */
		520E36BB2F83BA4F0057DD70 /* PromiFieldVisuals.swift in Sources */ = {isa = PBXBuildFile; fileRef = 520E36BA2F83BA4F0057DD70 /* PromiFieldVisuals.swift */; };
		520E36BD2F8517DD0057DD70 /* PromiListView.swift in Sources */ = {isa = PBXBuildFile; fileRef = 520E36BC2F8517DD0057DD70 /* PromiListView.swift */; };
		520E36BF2F85180E0057DD70 /* PromiCompositionShareView.swift in Sources */ = {isa = PBXBuildFile; fileRef = 520E36BE2F85180E0057DD70 /* PromiCompositionShareView.swift */; };
		521AFCC12EAD39D5009D2334 /* PromiDraft.swift in Sources */ = {isa = PBXBuildFile; fileRef = 521AFCC02EAD39D5009D2334 /* PromiDraft.swift */; };
		521AFCC32EAD39F7009D2334 /* DraftStore.swift in Sources */ = {isa = PBXBuildFile; fileRef = 521AFCC22EAD39F7009D2334 /* DraftStore.swift */; };
		521AFCC52EAD3A2E009D2334 /* MinimalIntensityGaugeView.swift in Sources */ = {isa = PBXBuildFile; fileRef = 521AFCC42EAD3A2E009D2334 /* MinimalIntensityGaugeView.swift */; };
		521AFCC72EAD3E49009D2334 /* EditPromiView.swift in Sources */ = {isa = PBXBuildFile; fileRef = 521AFCC62EAD3E49009D2334 /* EditPromiView.swift */; };
		521AFCC92EAD3E7F009D2334 /* PinkyPromiseSlightSlapView.swift in Sources */ = {isa = PBXBuildFile; fileRef = 521AFCC82EAD3E7F009D2334 /* PinkyPromiseSlightSlapView.swift */; };
		521B1BA92F93FD5900BFF3E7 /* NotificationManager.swift in Sources */ = {isa = PBXBuildFile; fileRef = 521B1BA82F93FD5900BFF3E7 /* NotificationManager.swift */; };
		521B1BAB2F93FF1200BFF3E7 /* PublicChallengeView.swift in Sources */ = {isa = PBXBuildFile; fileRef = 521B1BAA2F93FF1200BFF3E7 /* PublicChallengeView.swift */; };
		521B1BAD2F942B2B00BFF3E7 /* PromiKeptCelebrationView.swift in Sources */ = {isa = PBXBuildFile; fileRef = 521B1BAC2F942B2B00BFF3E7 /* PromiKeptCelebrationView.swift */; };
		523F9FBD2EFACAEE0035CB3F /* ShadowWritePolicy.swift in Sources */ = {isa = PBXBuildFile; fileRef = 523F9FBC2EFACAEE0035CB3F /* ShadowWritePolicy.swift */; };
		523F9FBF2EFACB020035CB3F /* ShadowPaths.swift in Sources */ = {isa = PBXBuildFile; fileRef = 523F9FBE2EFACB020035CB3F /* ShadowPaths.swift */; };
		523F9FC12EFACB1A0035CB3F /* ShadowStoreWriter.swift in Sources */ = {isa = PBXBuildFile; fileRef = 523F9FC02EFACB1A0035CB3F /* ShadowStoreWriter.swift */; };
		523F9FCF2EFAD4720035CB3F /* JSONStoreError.swift in Sources */ = {isa = PBXBuildFile; fileRef = 523F9FCE2EFAD4720035CB3F /* JSONStoreError.swift */; };
		523F9FD32EFAD4ED0035CB3F /* VersionedEnvelope.swift in Sources */ = {isa = PBXBuildFile; fileRef = 523F9FD22EFAD4ED0035CB3F /* VersionedEnvelope.swift */; };
		523F9FD52EFAD4FF0035CB3F /* JSONStore.swift in Sources */ = {isa = PBXBuildFile; fileRef = 523F9FD42EFAD4FF0035CB3F /* JSONStore.swift */; };
		523F9FDD2EFADA670035CB3F /* CanonicalStoreWritePolicy.swift in Sources */ = {isa = PBXBuildFile; fileRef = 523F9FDC2EFADA670035CB3F /* CanonicalStoreWritePolicy.swift */; };
		523F9FDF2EFADA7B0035CB3F /* CanonicalStoreWriter.swift in Sources */ = {isa = PBXBuildFile; fileRef = 523F9FDE2EFADA7B0035CB3F /* CanonicalStoreWriter.swift */; };
		523F9FE92EFAFAF80035CB3F /* LegacyUserDefaultsKeys.swift in Sources */ = {isa = PBXBuildFile; fileRef = 523F9FE82EFAFAF80035CB3F /* LegacyUserDefaultsKeys.swift */; };
		523F9FEB2EFAFB0B0035CB3F /* LegacyDraftsReader.swift in Sources */ = {isa = PBXBuildFile; fileRef = 523F9FEA2EFAFB0B0035CB3F /* LegacyDraftsReader.swift */; };
		523F9FED2EFAFB200035CB3F /* LegacyPromiStoreReader.swift in Sources */ = {isa = PBXBuildFile; fileRef = 523F9FEC2EFAFB200035CB3F /* LegacyPromiStoreReader.swift */; };
		523F9FF72EFB04870035CB3F /* DraftsPaths.swift in Sources */ = {isa = PBXBuildFile; fileRef = 523F9FF62EFB04870035CB3F /* DraftsPaths.swift */; };
		523F9FF92EFB049D0035CB3F /* DraftsMigrator.swift in Sources */ = {isa = PBXBuildFile; fileRef = 523F9FF82EFB049D0035CB3F /* DraftsMigrator.swift */; };
		523FA0012EFB2FB80035CB3F /* PromiStoreSnapshot.swift in Sources */ = {isa = PBXBuildFile; fileRef = 523FA0002EFB2FB80035CB3F /* PromiStoreSnapshot.swift */; };
		523FA0032EFB2FCD0035CB3F /* PromiStorePaths.swift in Sources */ = {isa = PBXBuildFile; fileRef = 523FA0022EFB2FCD0035CB3F /* PromiStorePaths.swift */; };
		523FA0052EFB2FE30035CB3F /* PromiStoreMigrator.swift in Sources */ = {isa = PBXBuildFile; fileRef = 523FA0042EFB2FE30035CB3F /* PromiStoreMigrator.swift */; };
		523FA00D2EFB35E40035CB3F /* PromiStoreEquatableShims.swift in Sources */ = {isa = PBXBuildFile; fileRef = 523FA00C2EFB35E40035CB3F /* PromiStoreEquatableShims.swift */; };
		523FA00F2EFB5A470035CB3F /* ReadModelSnapshot.swift in Sources */ = {isa = PBXBuildFile; fileRef = 523FA00E2EFB5A470035CB3F /* ReadModelSnapshot.swift */; };
		523FA0112EFB5A680035CB3F /* MigratedFilesReader.swift in Sources */ = {isa = PBXBuildFile; fileRef = 523FA0102EFB5A680035CB3F /* MigratedFilesReader.swift */; };
		523FA0132EFB5A870035CB3F /* ReadPathRouter.swift in Sources */ = {isa = PBXBuildFile; fileRef = 523FA0122EFB5A870035CB3F /* ReadPathRouter.swift */; };
		523FA01C2EFB76A00035CB3F /* ReadOnlyDraftStore.swift in Sources */ = {isa = PBXBuildFile; fileRef = 523FA01B2EFB76A00035CB3F /* ReadOnlyDraftStore.swift */; };
		523FA0222EFB853F0035CB3F /* ReadOnlyPromiStore.swift in Sources */ = {isa = PBXBuildFile; fileRef = 523FA0212EFB853F0035CB3F /* ReadOnlyPromiStore.swift */; };
		5251C9DF2EF9E989000C59CB /* BravoKey.swift in Sources */ = {isa = PBXBuildFile; fileRef = 5251C9DE2EF9E989000C59CB /* BravoKey.swift */; };
		5251C9E12EF9E99E000C59CB /* SocialRules.swift in Sources */ = {isa = PBXBuildFile; fileRef = 5251C9E02EF9E99E000C59CB /* SocialRules.swift */; };
		5251C9EE2EF9F2CC000C59CB /* UseCase.swift in Sources */ = {isa = PBXBuildFile; fileRef = 5251C9EC2EF9F2B9000C59CB /* UseCase.swift */; };
		5251C9F02EF9F2F2000C59CB /* UseCaseResult.swift in Sources */ = {isa = PBXBuildFile; fileRef = 5251C9EF2EF9F2F2000C59CB /* UseCaseResult.swift */; };
		5251C9F32EF9F32D000C59CB /* NoopUseCases.swift in Sources */ = {isa = PBXBuildFile; fileRef = 5251C9F22EF9F32D000C59CB /* NoopUseCases.swift */; };
		5251C9F82EF9F756000C59CB /* ReactionType.swift in Sources */ = {isa = PBXBuildFile; fileRef = 5251C9F72EF9F756000C59CB /* ReactionType.swift */; };
		5251C9FB2EF9F76C000C59CB /* ReactionRules.swift in Sources */ = {isa = PBXBuildFile; fileRef = 5251C9FA2EF9F76C000C59CB /* ReactionRules.swift */; };
		5251CA002EF9FC07000C59CB /* UseCaseIDs.swift in Sources */ = {isa = PBXBuildFile; fileRef = 5251C9FF2EF9FC07000C59CB /* UseCaseIDs.swift */; };
		5251CA022EF9FC1A000C59CB /* UseCaseInputsOutputs.swift in Sources */ = {isa = PBXBuildFile; fileRef = 5251CA012EF9FC1A000C59CB /* UseCaseInputsOutputs.swift */; };
		5251CA042EF9FC36000C59CB /* CreatePromiUseCase.swift in Sources */ = {isa = PBXBuildFile; fileRef = 5251CA032EF9FC36000C59CB /* CreatePromiUseCase.swift */; };
		5251CA062EF9FC47000C59CB /* EditPromiUseCase.swift in Sources */ = {isa = PBXBuildFile; fileRef = 5251CA052EF9FC47000C59CB /* EditPromiUseCase.swift */; };
		5251CA082EF9FC59000C59CB /* DeletePromiUseCase.swift in Sources */ = {isa = PBXBuildFile; fileRef = 5251CA072EF9FC59000C59CB /* DeletePromiUseCase.swift */; };
		5251CA0A2EF9FC6E000C59CB /* MarkDoneUseCase.swift in Sources */ = {isa = PBXBuildFile; fileRef = 5251CA092EF9FC6E000C59CB /* MarkDoneUseCase.swift */; };
		5251CA0C2EF9FC83000C59CB /* ReopenPromiUseCase.swift in Sources */ = {isa = PBXBuildFile; fileRef = 5251CA0B2EF9FC83000C59CB /* ReopenPromiUseCase.swift */; };
		5251CA0E2EF9FC99000C59CB /* AddBravoUseCase.swift in Sources */ = {isa = PBXBuildFile; fileRef = 5251CA0D2EF9FC99000C59CB /* AddBravoUseCase.swift */; };
		5251CA102EF9FCA9000C59CB /* AddCommentUseCase.swift in Sources */ = {isa = PBXBuildFile; fileRef = 5251CA0F2EF9FCA9000C59CB /* AddCommentUseCase.swift */; };
		5251CA182EFA0F65000C59CB /* AppFilePaths.swift in Sources */ = {isa = PBXBuildFile; fileRef = 5251CA172EFA0F65000C59CB /* AppFilePaths.swift */; };
		5251CA1A2EFA0F79000C59CB /* AtomicFileWriter.swift in Sources */ = {isa = PBXBuildFile; fileRef = 5251CA192EFA0F79000C59CB /* AtomicFileWriter.swift */; };
		5251CA1C2EFA0F8D000C59CB /* AuditEvent.swift in Sources */ = {isa = PBXBuildFile; fileRef = 5251CA1B2EFA0F8D000C59CB /* AuditEvent.swift */; };
		5251CA1E2EFA0F9E000C59CB /* AuditLogger.swift in Sources */ = {isa = PBXBuildFile; fileRef = 5251CA1D2EFA0F9E000C59CB /* AuditLogger.swift */; };
		5251CA242EFA1AE7000C59CB /* RecoveryReader.swift in Sources */ = {isa = PBXBuildFile; fileRef = 5251CA232EFA1AE7000C59CB /* RecoveryReader.swift */; };
		5260F8A12F8EFB270037F9D2 /* PromiContact.swift in Sources */ = {isa = PBXBuildFile; fileRef = 5260F8A02F8EFB270037F9D2 /* PromiContact.swift */; };
		5260F8A32F8EFB580037F9D2 /* ContactsStore.swift in Sources */ = {isa = PBXBuildFile; fileRef = 5260F8A22F8EFB580037F9D2 /* ContactsStore.swift */; };
		5260F8A52F8EFEE10037F9D2 /* ContactPickerView.swift in Sources */ = {isa = PBXBuildFile; fileRef = 5260F8A42F8EFEE10037F9D2 /* ContactPickerView.swift */; };
		5260F8A72F8FAE0E0037F9D2 /* LegalConstants.swift in Sources */ = {isa = PBXBuildFile; fileRef = 5260F8A62F8FAE0E0037F9D2 /* LegalConstants.swift */; };
		5260F8A92F8FAEF70037F9D2 /* TermsAcceptanceView.swift in Sources */ = {isa = PBXBuildFile; fileRef = 5260F8A82F8FAEF70037F9D2 /* TermsAcceptanceView.swift */; };
		5260F8AB2F8FAF190037F9D2 /* LegalDocumentsView.swift in Sources */ = {isa = PBXBuildFile; fileRef = 5260F8AA2F8FAF190037F9D2 /* LegalDocumentsView.swift */; };
		5260F8AD2F8FAF4F0037F9D2 /* LegalTexts.swift in Sources */ = {isa = PBXBuildFile; fileRef = 5260F8AC2F8FAF4F0037F9D2 /* LegalTexts.swift */; };
		5260F8AF2F916C180037F9D2 /* ReportSheet.swift in Sources */ = {isa = PBXBuildFile; fileRef = 5260F8AE2F916C180037F9D2 /* ReportSheet.swift */; };
		5260F8B12F916C600037F9D2 /* BlockedUsersView.swift in Sources */ = {isa = PBXBuildFile; fileRef = 5260F8B02F916C600037F9D2 /* BlockedUsersView.swift */; };
		5260F8B32F92573E0037F9D2 /* QuotaConstants.swift in Sources */ = {isa = PBXBuildFile; fileRef = 5260F8B22F92573E0037F9D2 /* QuotaConstants.swift */; };
		5260F8B52F9257E60037F9D2 /* PromiPlusPaywallView.swift in Sources */ = {isa = PBXBuildFile; fileRef = 5260F8B42F9257E60037F9D2 /* PromiPlusPaywallView.swift */; };
		526C00FC2EFCB77800FA6D41 /* FeatureFlags.swift in Sources */ = {isa = PBXBuildFile; fileRef = 526C00FB2EFCB77800FA6D41 /* FeatureFlags.swift */; };
		526C00FF2EFCB7C200FA6D41 /* ReadPathBootstrapper.swift in Sources */ = {isa = PBXBuildFile; fileRef = 526C00FE2EFCB7C200FA6D41 /* ReadPathBootstrapper.swift */; };
		526C01092EFCBB5500FA6D41 /* ReadPathActivationGate.swift in Sources */ = {isa = PBXBuildFile; fileRef = 526C01082EFCBB5500FA6D41 /* ReadPathActivationGate.swift */; };
		529895A02EAC4D87000F57F8 /* LocalizationManager.swift in Sources */ = {isa = PBXBuildFile; fileRef = 5298959F2EAC4D87000F57F8 /* LocalizationManager.swift */; };
		529895A42EAC511B000F57F8 /* PinkyPromiseAnimationView.swift in Sources */ = {isa = PBXBuildFile; fileRef = 529895A32EAC511B000F57F8 /* PinkyPromiseAnimationView.swift */; };
		529895A62EAC56BF000F57F8 /* PromiValidationAnimationView.swift in Sources */ = {isa = PBXBuildFile; fileRef = 529895A52EAC56BF000F57F8 /* PromiValidationAnimationView.swift */; };
		529895AC2EAC57B7000F57F8 /* IconButton.swift in Sources */ = {isa = PBXBuildFile; fileRef = 529895AB2EAC57B7000F57F8 /* IconButton.swift */; };
		529895AE2EAC57E0000F57F8 /* KarmaView.swift in Sources */ = {isa = PBXBuildFile; fileRef = 529895AD2EAC57E0000F57F8 /* KarmaView.swift */; };
		529895B02EAC6153000F57F8 /* TutorialStep.swift in Sources */ = {isa = PBXBuildFile; fileRef = 529895AF2EAC6153000F57F8 /* TutorialStep.swift */; };
		529895B22EAC6181000F57F8 /* TutorialOverlayView.swift in Sources */ = {isa = PBXBuildFile; fileRef = 529895B12EAC6181000F57F8 /* TutorialOverlayView.swift */; };
		52BF9BE02F882B4C00424F02 /* Nuée.swift in Sources */ = {isa = PBXBuildFile; fileRef = 52BF9BDF2F882B4C00424F02 /* Nuée.swift */; };
		52BF9BE22F882B7100424F02 /* Nuéestore.swift in Sources */ = {isa = PBXBuildFile; fileRef = 52BF9BE12F882B7100424F02 /* Nuéestore.swift */; };
		52BF9BE42F88311000424F02 /* Mesnuéesview.swift in Sources */ = {isa = PBXBuildFile; fileRef = 52BF9BE32F88311000424F02 /* Mesnuéesview.swift */; };
		52BF9BE62F88312D00424F02 /* Createnuéeview.swift in Sources */ = {isa = PBXBuildFile; fileRef = 52BF9BE52F88312D00424F02 /* Createnuéeview.swift */; };
		52BF9BE82F88315B00424F02 /* Nuéedetailview.swift in Sources */ = {isa = PBXBuildFile; fileRef = 52BF9BE72F88315B00424F02 /* Nuéedetailview.swift */; };
		52BF9BEA2F884E5900424F02 /* Nuéepalette.swift in Sources */ = {isa = PBXBuildFile; fileRef = 52BF9BE92F884E5900424F02 /* Nuéepalette.swift */; };
		52BF9BEC2F8911EA00424F02 /* Homedockcomponents.swift in Sources */ = {isa = PBXBuildFile; fileRef = 52BF9BEB2F8911EA00424F02 /* Homedockcomponents.swift */; };
		52BF9BEE2F89120700424F02 /* Homechromeprimitives.swift in Sources */ = {isa = PBXBuildFile; fileRef = 52BF9BED2F89120700424F02 /* Homechromeprimitives.swift */; };
		52BF9BF02F89460C00424F02 /* NuéeDraft.swift in Sources */ = {isa = PBXBuildFile; fileRef = 52BF9BEF2F89460C00424F02 /* NuéeDraft.swift */; };
		52BF9BF22F894A0000424F02 /* NuéeLifecycleManager.swift in Sources */ = {isa = PBXBuildFile; fileRef = 52BF9BF12F894A0000424F02 /* NuéeLifecycleManager.swift */; };
		52BF9C0A2F8AAB1600424F02 /* MotionTilt.swift in Sources */ = {isa = PBXBuildFile; fileRef = 52BF9C092F8AAB1600424F02 /* MotionTilt.swift */; };
		52BF9C0D2F8AFD5700424F02 /* Vitrailchromecellsdata.swift in Sources */ = {isa = PBXBuildFile; fileRef = 52BF9C0C2F8AFD5700424F02 /* Vitrailchromecellsdata.swift */; };
		52BF9C0F2F8BD34A00424F02 /* TramePromiField.swift in Sources */ = {isa = PBXBuildFile; fileRef = 52BF9C0E2F8BD34900424F02 /* TramePromiField.swift */; };
		52BF9C832F8EEA6600424F02 /* AppleSignInView.swift in Sources */ = {isa = PBXBuildFile; fileRef = 52BF9C822F8EEA6600424F02 /* AppleSignInView.swift */; };
		52BF9C852F8EEABB00424F02 /* UsernameSetupView.swift in Sources */ = {isa = PBXBuildFile; fileRef = 52BF9C842F8EEABB00424F02 /* UsernameSetupView.swift */; };
		52CF58A12EFA2CD7004C87A0 /* RecoveryResult.swift in Sources */ = {isa = PBXBuildFile; fileRef = 52CF58A02EFA2CD7004C87A0 /* RecoveryResult.swift */; };
		52CF58AD2EFA3DA9004C87A0 /* DataRoot.swift in Sources */ = {isa = PBXBuildFile; fileRef = 52CF58AC2EFA3DA9004C87A0 /* DataRoot.swift */; };
		52CF58B12EFA42AD004C87A0 /* RawStoreDataReader.swift in Sources */ = {isa = PBXBuildFile; fileRef = 52CF58B02EFA42AD004C87A0 /* RawStoreDataReader.swift */; };
		52D3F04F2EABF4630048149B /* PromiApp.swift in Sources */ = {isa = PBXBuildFile; fileRef = 52D3F04E2EABF4630048149B /* PromiApp.swift */; };
		52D3F0532EABF4650048149B /* Assets.xcassets in Resources */ = {isa = PBXBuildFile; fileRef = 52D3F0522EABF4650048149B /* Assets.xcassets */; };
		52D3F0692EABF6320048149B /* Brand.swift in Sources */ = {isa = PBXBuildFile; fileRef = 52D3F0682EABF6320048149B /* Brand.swift */; };
		52D3F06B2EABF6FF0048149B /* Haptics.swift in Sources */ = {isa = PBXBuildFile; fileRef = 52D3F06A2EABF6FF0048149B /* Haptics.swift */; };
		52D3F06F2EABF83A0048149B /* PromiItem.swift in Sources */ = {isa = PBXBuildFile; fileRef = 52D3F06E2EABF83A0048149B /* PromiItem.swift */; };
		52D3F0712EABF8620048149B /* Reaction.swift in Sources */ = {isa = PBXBuildFile; fileRef = 52D3F0702EABF8620048149B /* Reaction.swift */; };
		52D3F0732EABF8870048149B /* KarmaState.swift in Sources */ = {isa = PBXBuildFile; fileRef = 52D3F0722EABF8870048149B /* KarmaState.swift */; };
		52D3F0752EABF8A60048149B /* UserStore.swift in Sources */ = {isa = PBXBuildFile; fileRef = 52D3F0742EABF8A60048149B /* UserStore.swift */; };
		52D3F0772EABF8CA0048149B /* PromiStore.swift in Sources */ = {isa = PBXBuildFile; fileRef = 52D3F0762EABF8CA0048149B /* PromiStore.swift */; };
		52D3F0792EABF9000048149B /* KarmaStore.swift in Sources */ = {isa = PBXBuildFile; fileRef = 52D3F0782EABF9000048149B /* KarmaStore.swift */; };
		52D3F07B2EABF9DF0048149B /* SplashScreenView.swift in Sources */ = {isa = PBXBuildFile; fileRef = 52D3F07A2EABF9DF0048149B /* SplashScreenView.swift */; };
		52D3F07D2EABFA0A0048149B /* LanguageSelectionView.swift in Sources */ = {isa = PBXBuildFile; fileRef = 52D3F07C2EABFA0A0048149B /* LanguageSelectionView.swift */; };
		52D3F07F2EABFA2A0048149B /* OnboardingView.swift in Sources */ = {isa = PBXBuildFile; fileRef = 52D3F07E2EABFA2A0048149B /* OnboardingView.swift */; };
		52D3F0812EABFA8A0048149B /* ContentView.swift in Sources */ = {isa = PBXBuildFile; fileRef = 52D3F0802EABFA8A0048149B /* ContentView.swift */; };
		52D3F0892EABFB780048149B /* BravoButton.swift in Sources */ = {isa = PBXBuildFile; fileRef = 52D3F0882EABFB780048149B /* BravoButton.swift */; };
		52D3F08B2EABFD070048149B /* FloatingButton.swift in Sources */ = {isa = PBXBuildFile; fileRef = 52D3F08A2EABFD070048149B /* FloatingButton.swift */; };
		52D3F08D2EABFD260048149B /* AddPromiView.swift in Sources */ = {isa = PBXBuildFile; fileRef = 52D3F08C2EABFD260048149B /* AddPromiView.swift */; };
		52D3F0912EABFD6F0048149B /* CommentsView.swift in Sources */ = {isa = PBXBuildFile; fileRef = 52D3F0902EABFD6F0048149B /* CommentsView.swift */; };
		52D3F0932EABFD940048149B /* PaletteView.swift in Sources */ = {isa = PBXBuildFile; fileRef = 52D3F0922EABFD940048149B /* PaletteView.swift */; };
		52D3F0952EABFDB10048149B /* SettingsView.swift in Sources */ = {isa = PBXBuildFile; fileRef = 52D3F0942EABFDB10048149B /* SettingsView.swift */; };
		52E1A2412EAD14D1007EFAA8 /* CustomIcons.swift in Sources */ = {isa = PBXBuildFile; fileRef = 52E1A2402EAD14D1007EFAA8 /* CustomIcons.swift */; };
		52E1A24B2EAD1580007EFAA8 /* DraftsView.swift in Sources */ = {isa = PBXBuildFile; fileRef = 52E1A24A2EAD1580007EFAA8 /* DraftsView.swift */; };
		52F524192EF9B103007B30D5 /* PromiError.swift in Sources */ = {isa = PBXBuildFile; fileRef = 52F524182EF9B103007B30D5 /* PromiError.swift */; };
		52F5241B2EF9B119007B30D5 /* ValidationError.swift in Sources */ = {isa = PBXBuildFile; fileRef = 52F5241A2EF9B119007B30D5 /* ValidationError.swift */; };
		52F5241D2EF9B13C007B30D5 /* PersistenceError.swift in Sources */ = {isa = PBXBuildFile; fileRef = 52F5241C2EF9B13C007B30D5 /* PersistenceError.swift */; };
		52F5242F2EF9BA19007B30D5 /* DomainTokens.swift in Sources */ = {isa = PBXBuildFile; fileRef = 52F5242E2EF9BA19007B30D5 /* DomainTokens.swift */; };
		52F524322EF9BA2F007B30D5 /* PromiTitle.swift in Sources */ = {isa = PBXBuildFile; fileRef = 52F524312EF9BA2F007B30D5 /* PromiTitle.swift */; };
		52F524352EF9BA45007B30D5 /* CommentText.swift in Sources */ = {isa = PBXBuildFile; fileRef = 52F524342EF9BA45007B30D5 /* CommentText.swift */; };
/* End PBXBuildFile section */

/* Begin PBXContainerItemProxy section */
		52F524262EF9B29E007B30D5 /* PBXContainerItemProxy */ = {
			isa = PBXContainerItemProxy;
			containerPortal = 52D3F0432EABF4630048149B /* Project object */;
			proxyType = 1;
			remoteGlobalIDString = 52D3F04A2EABF4630048149B;
			remoteInfo = Promi;
		};
/* End PBXContainerItemProxy section */

/* Begin PBXFileReference section */
		520E36BA2F83BA4F0057DD70 /* PromiFieldVisuals.swift */ = {isa = PBXFileReference; lastKnownFileType = sourcecode.swift; path = PromiFieldVisuals.swift; sourceTree = "<group>"; };
		520E36BC2F8517DD0057DD70 /* PromiListView.swift */ = {isa = PBXFileReference; lastKnownFileType = sourcecode.swift; path = PromiListView.swift; sourceTree = "<group>"; };
		520E36BE2F85180E0057DD70 /* PromiCompositionShareView.swift */ = {isa = PBXFileReference; lastKnownFileType = sourcecode.swift; path = PromiCompositionShareView.swift; sourceTree = "<group>"; };
		521AFCC02EAD39D5009D2334 /* PromiDraft.swift */ = {isa = PBXFileReference; lastKnownFileType = sourcecode.swift; path = PromiDraft.swift; sourceTree = "<group>"; };
		521AFCC22EAD39F7009D2334 /* DraftStore.swift */ = {isa = PBXFileReference; lastKnownFileType = sourcecode.swift; path = DraftStore.swift; sourceTree = "<group>"; };
		521AFCC42EAD3A2E009D2334 /* MinimalIntensityGaugeView.swift */ = {isa = PBXFileReference; lastKnownFileType = sourcecode.swift; path = MinimalIntensityGaugeView.swift; sourceTree = "<group>"; };
		521AFCC62EAD3E49009D2334 /* EditPromiView.swift */ = {isa = PBXFileReference; lastKnownFileType = sourcecode.swift; path = EditPromiView.swift; sourceTree = "<group>"; };
		521AFCC82EAD3E7F009D2334 /* PinkyPromiseSlightSlapView.swift */ = {isa = PBXFileReference; lastKnownFileType = sourcecode.swift; path = PinkyPromiseSlightSlapView.swift; sourceTree = "<group>"; };
		521B1BA82F93FD5900BFF3E7 /* NotificationManager.swift */ = {isa = PBXFileReference; lastKnownFileType = sourcecode.swift; path = NotificationManager.swift; sourceTree = "<group>"; };
		521B1BAA2F93FF1200BFF3E7 /* PublicChallengeView.swift */ = {isa = PBXFileReference; lastKnownFileType = sourcecode.swift; path = PublicChallengeView.swift; sourceTree = "<group>"; };
		521B1BAC2F942B2B00BFF3E7 /* PromiKeptCelebrationView.swift */ = {isa = PBXFileReference; lastKnownFileType = sourcecode.swift; path = PromiKeptCelebrationView.swift; sourceTree = "<group>"; };
		523F9FBC2EFACAEE0035CB3F /* ShadowWritePolicy.swift */ = {isa = PBXFileReference; lastKnownFileType = sourcecode.swift; path = ShadowWritePolicy.swift; sourceTree = "<group>"; };
		523F9FBE2EFACB020035CB3F /* ShadowPaths.swift */ = {isa = PBXFileReference; lastKnownFileType = sourcecode.swift; path = ShadowPaths.swift; sourceTree = "<group>"; };
		523F9FC02EFACB1A0035CB3F /* ShadowStoreWriter.swift */ = {isa = PBXFileReference; lastKnownFileType = sourcecode.swift; path = ShadowStoreWriter.swift; sourceTree = "<group>"; };
		523F9FCE2EFAD4720035CB3F /* JSONStoreError.swift */ = {isa = PBXFileReference; lastKnownFileType = sourcecode.swift; path = JSONStoreError.swift; sourceTree = "<group>"; };
		523F9FD22EFAD4ED0035CB3F /* VersionedEnvelope.swift */ = {isa = PBXFileReference; lastKnownFileType = sourcecode.swift; path = VersionedEnvelope.swift; sourceTree = "<group>"; };
		523F9FD42EFAD4FF0035CB3F /* JSONStore.swift */ = {isa = PBXFileReference; lastKnownFileType = sourcecode.swift; path = JSONStore.swift; sourceTree = "<group>"; };
		523F9FDC2EFADA670035CB3F /* CanonicalStoreWritePolicy.swift */ = {isa = PBXFileReference; lastKnownFileType = sourcecode.swift; path = CanonicalStoreWritePolicy.swift; sourceTree = "<group>"; };
		523F9FDE2EFADA7B0035CB3F /* CanonicalStoreWriter.swift */ = {isa = PBXFileReference; lastKnownFileType = sourcecode.swift; path = CanonicalStoreWriter.swift; sourceTree = "<group>"; };
		523F9FE82EFAFAF80035CB3F /* LegacyUserDefaultsKeys.swift */ = {isa = PBXFileReference; lastKnownFileType = sourcecode.swift; path = LegacyUserDefaultsKeys.swift; sourceTree = "<group>"; };
		523F9FEA2EFAFB0B0035CB3F /* LegacyDraftsReader.swift */ = {isa = PBXFileReference; lastKnownFileType = sourcecode.swift; path = LegacyDraftsReader.swift; sourceTree = "<group>"; };
		523F9FEC2EFAFB200035CB3F /* LegacyPromiStoreReader.swift */ = {isa = PBXFileReference; lastKnownFileType = sourcecode.swift; path = LegacyPromiStoreReader.swift; sourceTree = "<group>"; };
		523F9FF62EFB04870035CB3F /* DraftsPaths.swift */ = {isa = PBXFileReference; lastKnownFileType = sourcecode.swift; path = DraftsPaths.swift; sourceTree = "<group>"; };
		523F9FF82EFB049D0035CB3F /* DraftsMigrator.swift */ = {isa = PBXFileReference; lastKnownFileType = sourcecode.swift; path = DraftsMigrator.swift; sourceTree = "<group>"; };
		523FA0002EFB2FB80035CB3F /* PromiStoreSnapshot.swift */ = {isa = PBXFileReference; lastKnownFileType = sourcecode.swift; path = PromiStoreSnapshot.swift; sourceTree = "<group>"; };
		523FA0022EFB2FCD0035CB3F /* PromiStorePaths.swift */ = {isa = PBXFileReference; lastKnownFileType = sourcecode.swift; path = PromiStorePaths.swift; sourceTree = "<group>"; };
		523FA0042EFB2FE30035CB3F /* PromiStoreMigrator.swift */ = {isa = PBXFileReference; lastKnownFileType = sourcecode.swift; path = PromiStoreMigrator.swift; sourceTree = "<group>"; };
		523FA00C2EFB35E40035CB3F /* PromiStoreEquatableShims.swift */ = {isa = PBXFileReference; lastKnownFileType = sourcecode.swift; path = PromiStoreEquatableShims.swift; sourceTree = "<group>"; };
		523FA00E2EFB5A470035CB3F /* ReadModelSnapshot.swift */ = {isa = PBXFileReference; lastKnownFileType = sourcecode.swift; path = ReadModelSnapshot.swift; sourceTree = "<group>"; };
		523FA0102EFB5A680035CB3F /* MigratedFilesReader.swift */ = {isa = PBXFileReference; lastKnownFileType = sourcecode.swift; path = MigratedFilesReader.swift; sourceTree = "<group>"; };
		523FA0122EFB5A870035CB3F /* ReadPathRouter.swift */ = {isa = PBXFileReference; lastKnownFileType = sourcecode.swift; path = ReadPathRouter.swift; sourceTree = "<group>"; };
		523FA01B2EFB76A00035CB3F /* ReadOnlyDraftStore.swift */ = {isa = PBXFileReference; lastKnownFileType = sourcecode.swift; path = ReadOnlyDraftStore.swift; sourceTree = "<group>"; };
		523FA0212EFB853F0035CB3F /* ReadOnlyPromiStore.swift */ = {isa = PBXFileReference; lastKnownFileType = sourcecode.swift; path = ReadOnlyPromiStore.swift; sourceTree = "<group>"; };
		5251C9DE2EF9E989000C59CB /* BravoKey.swift */ = {isa = PBXFileReference; lastKnownFileType = sourcecode.swift; path = BravoKey.swift; sourceTree = "<group>"; };
		5251C9E02EF9E99E000C59CB /* SocialRules.swift */ = {isa = PBXFileReference; lastKnownFileType = sourcecode.swift; path = SocialRules.swift; sourceTree = "<group>"; };
		5251C9EC2EF9F2B9000C59CB /* UseCase.swift */ = {isa = PBXFileReference; lastKnownFileType = sourcecode.swift; path = UseCase.swift; sourceTree = "<group>"; };
		5251C9EF2EF9F2F2000C59CB /* UseCaseResult.swift */ = {isa = PBXFileReference; lastKnownFileType = sourcecode.swift; path = UseCaseResult.swift; sourceTree = "<group>"; };
		5251C9F22EF9F32D000C59CB /* NoopUseCases.swift */ = {isa = PBXFileReference; lastKnownFileType = sourcecode.swift; path = NoopUseCases.swift; sourceTree = "<group>"; };
		5251C9F72EF9F756000C59CB /* ReactionType.swift */ = {isa = PBXFileReference; lastKnownFileType = sourcecode.swift; path = ReactionType.swift; sourceTree = "<group>"; };
		5251C9FA2EF9F76C000C59CB /* ReactionRules.swift */ = {isa = PBXFileReference; lastKnownFileType = sourcecode.swift; path = ReactionRules.swift; sourceTree = "<group>"; };
		5251C9FF2EF9FC07000C59CB /* UseCaseIDs.swift */ = {isa = PBXFileReference; lastKnownFileType = sourcecode.swift; path = UseCaseIDs.swift; sourceTree = "<group>"; };
		5251CA012EF9FC1A000C59CB /* UseCaseInputsOutputs.swift */ = {isa = PBXFileReference; lastKnownFileType = sourcecode.swift; path = UseCaseInputsOutputs.swift; sourceTree = "<group>"; };
		5251CA032EF9FC36000C59CB /* CreatePromiUseCase.swift */ = {isa = PBXFileReference; lastKnownFileType = sourcecode.swift; path = CreatePromiUseCase.swift; sourceTree = "<group>"; };
		5251CA052EF9FC47000C59CB /* EditPromiUseCase.swift */ = {isa = PBXFileReference; lastKnownFileType = sourcecode.swift; path = EditPromiUseCase.swift; sourceTree = "<group>"; };
		5251CA072EF9FC59000C59CB /* DeletePromiUseCase.swift */ = {isa = PBXFileReference; lastKnownFileType = sourcecode.swift; path = DeletePromiUseCase.swift; sourceTree = "<group>"; };
		5251CA092EF9FC6E000C59CB /* MarkDoneUseCase.swift */ = {isa = PBXFileReference; lastKnownFileType = sourcecode.swift; path = MarkDoneUseCase.swift; sourceTree = "<group>"; };
		5251CA0B2EF9FC83000C59CB /* ReopenPromiUseCase.swift */ = {isa = PBXFileReference; lastKnownFileType = sourcecode.swift; path = ReopenPromiUseCase.swift; sourceTree = "<group>"; };
		5251CA0D2EF9FC99000C59CB /* AddBravoUseCase.swift */ = {isa = PBXFileReference; lastKnownFileType = sourcecode.swift; path = AddBravoUseCase.swift; sourceTree = "<group>"; };
		5251CA0F2EF9FCA9000C59CB /* AddCommentUseCase.swift */ = {isa = PBXFileReference; lastKnownFileType = sourcecode.swift; path = AddCommentUseCase.swift; sourceTree = "<group>"; };
		5251CA172EFA0F65000C59CB /* AppFilePaths.swift */ = {isa = PBXFileReference; lastKnownFileType = sourcecode.swift; path = AppFilePaths.swift; sourceTree = "<group>"; };
		5251CA192EFA0F79000C59CB /* AtomicFileWriter.swift */ = {isa = PBXFileReference; lastKnownFileType = sourcecode.swift; path = AtomicFileWriter.swift; sourceTree = "<group>"; };
		5251CA1B2EFA0F8D000C59CB /* AuditEvent.swift */ = {isa = PBXFileReference; lastKnownFileType = sourcecode.swift; path = AuditEvent.swift; sourceTree = "<group>"; };
		5251CA1D2EFA0F9E000C59CB /* AuditLogger.swift */ = {isa = PBXFileReference; lastKnownFileType = sourcecode.swift; path = AuditLogger.swift; sourceTree = "<group>"; };
		5251CA232EFA1AE7000C59CB /* RecoveryReader.swift */ = {isa = PBXFileReference; lastKnownFileType = sourcecode.swift; path = RecoveryReader.swift; sourceTree = "<group>"; };
		5260F8A02F8EFB270037F9D2 /* PromiContact.swift */ = {isa = PBXFileReference; lastKnownFileType = sourcecode.swift; path = PromiContact.swift; sourceTree = "<group>"; };
		5260F8A22F8EFB580037F9D2 /* ContactsStore.swift */ = {isa = PBXFileReference; lastKnownFileType = sourcecode.swift; path = ContactsStore.swift; sourceTree = "<group>"; };
		5260F8A42F8EFEE10037F9D2 /* ContactPickerView.swift */ = {isa = PBXFileReference; lastKnownFileType = sourcecode.swift; path = ContactPickerView.swift; sourceTree = "<group>"; };
		5260F8A62F8FAE0E0037F9D2 /* LegalConstants.swift */ = {isa = PBXFileReference; lastKnownFileType = sourcecode.swift; path = LegalConstants.swift; sourceTree = "<group>"; };
		5260F8A82F8FAEF70037F9D2 /* TermsAcceptanceView.swift */ = {isa = PBXFileReference; lastKnownFileType = sourcecode.swift; path = TermsAcceptanceView.swift; sourceTree = "<group>"; };
		5260F8AA2F8FAF190037F9D2 /* LegalDocumentsView.swift */ = {isa = PBXFileReference; lastKnownFileType = sourcecode.swift; path = LegalDocumentsView.swift; sourceTree = "<group>"; };
		5260F8AC2F8FAF4F0037F9D2 /* LegalTexts.swift */ = {isa = PBXFileReference; lastKnownFileType = sourcecode.swift; path = LegalTexts.swift; sourceTree = "<group>"; };
		5260F8AE2F916C180037F9D2 /* ReportSheet.swift */ = {isa = PBXFileReference; lastKnownFileType = sourcecode.swift; path = ReportSheet.swift; sourceTree = "<group>"; };
		5260F8B02F916C600037F9D2 /* BlockedUsersView.swift */ = {isa = PBXFileReference; lastKnownFileType = sourcecode.swift; path = BlockedUsersView.swift; sourceTree = "<group>"; };
		5260F8B22F92573E0037F9D2 /* QuotaConstants.swift */ = {isa = PBXFileReference; lastKnownFileType = sourcecode.swift; path = QuotaConstants.swift; sourceTree = "<group>"; };
		5260F8B42F9257E60037F9D2 /* PromiPlusPaywallView.swift */ = {isa = PBXFileReference; lastKnownFileType = sourcecode.swift; path = PromiPlusPaywallView.swift; sourceTree = "<group>"; };
		5269800E2EFD6FD2002A2AC9 /* Promi.xctestplan */ = {isa = PBXFileReference; lastKnownFileType = text; path = Promi.xctestplan; sourceTree = "<group>"; };
		526C00FB2EFCB77800FA6D41 /* FeatureFlags.swift */ = {isa = PBXFileReference; lastKnownFileType = sourcecode.swift; path = FeatureFlags.swift; sourceTree = "<group>"; };
		526C00FE2EFCB7C200FA6D41 /* ReadPathBootstrapper.swift */ = {isa = PBXFileReference; lastKnownFileType = sourcecode.swift; path = ReadPathBootstrapper.swift; sourceTree = "<group>"; };
		526C01082EFCBB5500FA6D41 /* ReadPathActivationGate.swift */ = {isa = PBXFileReference; lastKnownFileType = sourcecode.swift; path = ReadPathActivationGate.swift; sourceTree = "<group>"; };
		5298959F2EAC4D87000F57F8 /* LocalizationManager.swift */ = {isa = PBXFileReference; lastKnownFileType = sourcecode.swift; path = LocalizationManager.swift; sourceTree = "<group>"; };
		529895A32EAC511B000F57F8 /* PinkyPromiseAnimationView.swift */ = {isa = PBXFileReference; lastKnownFileType = sourcecode.swift; path = PinkyPromiseAnimationView.swift; sourceTree = "<group>"; };
		529895A52EAC56BF000F57F8 /* PromiValidationAnimationView.swift */ = {isa = PBXFileReference; lastKnownFileType = sourcecode.swift; path = PromiValidationAnimationView.swift; sourceTree = "<group>"; };
		529895AB2EAC57B7000F57F8 /* IconButton.swift */ = {isa = PBXFileReference; lastKnownFileType = sourcecode.swift; path = IconButton.swift; sourceTree = "<group>"; };
		529895AD2EAC57E0000F57F8 /* KarmaView.swift */ = {isa = PBXFileReference; lastKnownFileType = sourcecode.swift; path = KarmaView.swift; sourceTree = "<group>"; };
		529895AF2EAC6153000F57F8 /* TutorialStep.swift */ = {isa = PBXFileReference; lastKnownFileType = sourcecode.swift; path = TutorialStep.swift; sourceTree = "<group>"; };
		529895B12EAC6181000F57F8 /* TutorialOverlayView.swift */ = {isa = PBXFileReference; lastKnownFileType = sourcecode.swift; path = TutorialOverlayView.swift; sourceTree = "<group>"; };
		52BF9BDF2F882B4C00424F02 /* Nuée.swift */ = {isa = PBXFileReference; lastKnownFileType = sourcecode.swift; path = "Nuée.swift"; sourceTree = "<group>"; };
		52BF9BE12F882B7100424F02 /* Nuéestore.swift */ = {isa = PBXFileReference; lastKnownFileType = sourcecode.swift; path = "Nuéestore.swift"; sourceTree = "<group>"; };
		52BF9BE32F88311000424F02 /* Mesnuéesview.swift */ = {isa = PBXFileReference; lastKnownFileType = sourcecode.swift; path = "Mesnuéesview.swift"; sourceTree = "<group>"; };
		52BF9BE52F88312D00424F02 /* Createnuéeview.swift */ = {isa = PBXFileReference; lastKnownFileType = sourcecode.swift; path = "Createnuéeview.swift"; sourceTree = "<group>"; };
		52BF9BE72F88315B00424F02 /* Nuéedetailview.swift */ = {isa = PBXFileReference; lastKnownFileType = sourcecode.swift; path = "Nuéedetailview.swift"; sourceTree = "<group>"; };
		52BF9BE92F884E5900424F02 /* Nuéepalette.swift */ = {isa = PBXFileReference; lastKnownFileType = sourcecode.swift; path = "Nuéepalette.swift"; sourceTree = "<group>"; };
		52BF9BEB2F8911EA00424F02 /* Homedockcomponents.swift */ = {isa = PBXFileReference; lastKnownFileType = sourcecode.swift; path = Homedockcomponents.swift; sourceTree = "<group>"; };
		52BF9BED2F89120700424F02 /* Homechromeprimitives.swift */ = {isa = PBXFileReference; lastKnownFileType = sourcecode.swift; path = Homechromeprimitives.swift; sourceTree = "<group>"; };
		52BF9BEF2F89460C00424F02 /* NuéeDraft.swift */ = {isa = PBXFileReference; lastKnownFileType = sourcecode.swift; path = "NuéeDraft.swift"; sourceTree = "<group>"; };
		52BF9BF12F894A0000424F02 /* NuéeLifecycleManager.swift */ = {isa = PBXFileReference; lastKnownFileType = sourcecode.swift; path = "NuéeLifecycleManager.swift"; sourceTree = "<group>"; };
		52BF9C092F8AAB1600424F02 /* MotionTilt.swift */ = {isa = PBXFileReference; lastKnownFileType = sourcecode.swift; path = MotionTilt.swift; sourceTree = "<group>"; };
		52BF9C0C2F8AFD5700424F02 /* Vitrailchromecellsdata.swift */ = {isa = PBXFileReference; lastKnownFileType = sourcecode.swift; path = Vitrailchromecellsdata.swift; sourceTree = "<group>"; };
		52BF9C0E2F8BD34900424F02 /* TramePromiField.swift */ = {isa = PBXFileReference; lastKnownFileType = sourcecode.swift; path = TramePromiField.swift; sourceTree = "<group>"; };
		52BF9C822F8EEA6600424F02 /* AppleSignInView.swift */ = {isa = PBXFileReference; lastKnownFileType = sourcecode.swift; path = AppleSignInView.swift; sourceTree = "<group>"; };
		52BF9C842F8EEABB00424F02 /* UsernameSetupView.swift */ = {isa = PBXFileReference; lastKnownFileType = sourcecode.swift; path = UsernameSetupView.swift; sourceTree = "<group>"; };
		52CF58A02EFA2CD7004C87A0 /* RecoveryResult.swift */ = {isa = PBXFileReference; lastKnownFileType = sourcecode.swift; path = RecoveryResult.swift; sourceTree = "<group>"; };
		52CF58AC2EFA3DA9004C87A0 /* DataRoot.swift */ = {isa = PBXFileReference; lastKnownFileType = sourcecode.swift; path = DataRoot.swift; sourceTree = "<group>"; };
		52CF58B02EFA42AD004C87A0 /* RawStoreDataReader.swift */ = {isa = PBXFileReference; lastKnownFileType = sourcecode.swift; path = RawStoreDataReader.swift; sourceTree = "<group>"; };
		52D3F04B2EABF4630048149B /* Promi.app */ = {isa = PBXFileReference; explicitFileType = wrapper.application; includeInIndex = 0; path = Promi.app; sourceTree = BUILT_PRODUCTS_DIR; };
		52D3F04E2EABF4630048149B /* PromiApp.swift */ = {isa = PBXFileReference; lastKnownFileType = sourcecode.swift; path = PromiApp.swift; sourceTree = "<group>"; };
		52D3F0522EABF4650048149B /* Assets.xcassets */ = {isa = PBXFileReference; lastKnownFileType = folder.assetcatalog; path = Assets.xcassets; sourceTree = "<group>"; };
		52D3F0682EABF6320048149B /* Brand.swift */ = {isa = PBXFileReference; lastKnownFileType = sourcecode.swift; path = Brand.swift; sourceTree = "<group>"; };
		52D3F06A2EABF6FF0048149B /* Haptics.swift */ = {isa = PBXFileReference; lastKnownFileType = sourcecode.swift; path = Haptics.swift; sourceTree = "<group>"; };
		52D3F06E2EABF83A0048149B /* PromiItem.swift */ = {isa = PBXFileReference; lastKnownFileType = sourcecode.swift; path = PromiItem.swift; sourceTree = "<group>"; };
		52D3F0702EABF8620048149B /* Reaction.swift */ = {isa = PBXFileReference; lastKnownFileType = sourcecode.swift; path = Reaction.swift; sourceTree = "<group>"; };
		52D3F0722EABF8870048149B /* KarmaState.swift */ = {isa = PBXFileReference; lastKnownFileType = sourcecode.swift; path = KarmaState.swift; sourceTree = "<group>"; };
		52D3F0742EABF8A60048149B /* UserStore.swift */ = {isa = PBXFileReference; lastKnownFileType = sourcecode.swift; path = UserStore.swift; sourceTree = "<group>"; };
		52D3F0762EABF8CA0048149B /* PromiStore.swift */ = {isa = PBXFileReference; lastKnownFileType = sourcecode.swift; path = PromiStore.swift; sourceTree = "<group>"; };
		52D3F0782EABF9000048149B /* KarmaStore.swift */ = {isa = PBXFileReference; lastKnownFileType = sourcecode.swift; path = KarmaStore.swift; sourceTree = "<group>"; };
		52D3F07A2EABF9DF0048149B /* SplashScreenView.swift */ = {isa = PBXFileReference; lastKnownFileType = sourcecode.swift; path = SplashScreenView.swift; sourceTree = "<group>"; };
		52D3F07C2EABFA0A0048149B /* LanguageSelectionView.swift */ = {isa = PBXFileReference; lastKnownFileType = sourcecode.swift; path = LanguageSelectionView.swift; sourceTree = "<group>"; };
		52D3F07E2EABFA2A0048149B /* OnboardingView.swift */ = {isa = PBXFileReference; lastKnownFileType = sourcecode.swift; path = OnboardingView.swift; sourceTree = "<group>"; };
		52D3F0802EABFA8A0048149B /* ContentView.swift */ = {isa = PBXFileReference; lastKnownFileType = sourcecode.swift; path = ContentView.swift; sourceTree = "<group>"; };
		52D3F0882EABFB780048149B /* BravoButton.swift */ = {isa = PBXFileReference; lastKnownFileType = sourcecode.swift; path = BravoButton.swift; sourceTree = "<group>"; };
		52D3F08A2EABFD070048149B /* FloatingButton.swift */ = {isa = PBXFileReference; lastKnownFileType = sourcecode.swift; path = FloatingButton.swift; sourceTree = "<group>"; };
		52D3F08C2EABFD260048149B /* AddPromiView.swift */ = {isa = PBXFileReference; lastKnownFileType = sourcecode.swift; path = AddPromiView.swift; sourceTree = "<group>"; };
		52D3F0902EABFD6F0048149B /* CommentsView.swift */ = {isa = PBXFileReference; lastKnownFileType = sourcecode.swift; path = CommentsView.swift; sourceTree = "<group>"; };
		52D3F0922EABFD940048149B /* PaletteView.swift */ = {isa = PBXFileReference; lastKnownFileType = sourcecode.swift; path = PaletteView.swift; sourceTree = "<group>"; };
		52D3F0942EABFDB10048149B /* SettingsView.swift */ = {isa = PBXFileReference; lastKnownFileType = sourcecode.swift; path = SettingsView.swift; sourceTree = "<group>"; };
		52E1A2402EAD14D1007EFAA8 /* CustomIcons.swift */ = {isa = PBXFileReference; lastKnownFileType = sourcecode.swift; path = CustomIcons.swift; sourceTree = "<group>"; };
		52E1A24A2EAD1580007EFAA8 /* DraftsView.swift */ = {isa = PBXFileReference; lastKnownFileType = sourcecode.swift; path = DraftsView.swift; sourceTree = "<group>"; };
		52F524182EF9B103007B30D5 /* PromiError.swift */ = {isa = PBXFileReference; lastKnownFileType = sourcecode.swift; path = PromiError.swift; sourceTree = "<group>"; };
		52F5241A2EF9B119007B30D5 /* ValidationError.swift */ = {isa = PBXFileReference; lastKnownFileType = sourcecode.swift; path = ValidationError.swift; sourceTree = "<group>"; };
		52F5241C2EF9B13C007B30D5 /* PersistenceError.swift */ = {isa = PBXFileReference; lastKnownFileType = sourcecode.swift; path = PersistenceError.swift; sourceTree = "<group>"; };
		52F524222EF9B29E007B30D5 /* PromiTests.xctest */ = {isa = PBXFileReference; explicitFileType = wrapper.cfbundle; includeInIndex = 0; path = PromiTests.xctest; sourceTree = BUILT_PRODUCTS_DIR; };
		52F5242E2EF9BA19007B30D5 /* DomainTokens.swift */ = {isa = PBXFileReference; lastKnownFileType = sourcecode.swift; path = DomainTokens.swift; sourceTree = "<group>"; };
		52F524312EF9BA2F007B30D5 /* PromiTitle.swift */ = {isa = PBXFileReference; lastKnownFileType = sourcecode.swift; path = PromiTitle.swift; sourceTree = "<group>"; };
		52F524342EF9BA45007B30D5 /* CommentText.swift */ = {isa = PBXFileReference; lastKnownFileType = sourcecode.swift; path = CommentText.swift; sourceTree = "<group>"; };
/* End PBXFileReference section */

/* Begin PBXFileSystemSynchronizedRootGroup section */
		52BF9BF32F8A5DC200424F02 /* Sync */ = {
			isa = PBXFileSystemSynchronizedRootGroup;
			path = Sync;
			sourceTree = "<group>";
		};
		52BF9BFA2F8A5E2A00424F02 /* Sync */ = {
			isa = PBXFileSystemSynchronizedRootGroup;
			path = Sync;
			sourceTree = "<group>";
		};
		52D3F04D2EABF4630048149B /* Promi */ = {
			isa = PBXFileSystemSynchronizedRootGroup;
			path = Promi;
			sourceTree = "<group>";
		};
		52F524232EF9B29E007B30D5 /* PromiTests */ = {
			isa = PBXFileSystemSynchronizedRootGroup;
			path = PromiTests;
			sourceTree = "<group>";
		};
/* End PBXFileSystemSynchronizedRootGroup section */

/* Begin PBXFrameworksBuildPhase section */
		52D3F0482EABF4630048149B /* Frameworks */ = {
			isa = PBXFrameworksBuildPhase;
			buildActionMask = 2147483647;
			files = (
			);
			runOnlyForDeploymentPostprocessing = 0;
		};
		52F5241F2EF9B29E007B30D5 /* Frameworks */ = {
			isa = PBXFrameworksBuildPhase;
			buildActionMask = 2147483647;
			files = (
			);
			runOnlyForDeploymentPostprocessing = 0;
		};
/* End PBXFrameworksBuildPhase section */

/* Begin PBXGroup section */
		523FA01A2EFB76820035CB3F /* Stores */ = {
			isa = PBXGroup;
			children = (
				523FA01B2EFB76A00035CB3F /* ReadOnlyDraftStore.swift */,
				523FA0212EFB853F0035CB3F /* ReadOnlyPromiStore.swift */,
			);
			path = Stores;
			sourceTree = "<group>";
		};
		5251C9DD2EF9E94E000C59CB /* Social */ = {
			isa = PBXGroup;
			children = (
				5251C9DE2EF9E989000C59CB /* BravoKey.swift */,
				5251C9E02EF9E99E000C59CB /* SocialRules.swift */,
			);
			path = Social;
			sourceTree = "<group>";
		};
		5251C9EA2EF9F22F000C59CB /* UseCases */ = {
			isa = PBXGroup;
			children = (
				5251C9F22EF9F32D000C59CB /* NoopUseCases.swift */,
				5251CA032EF9FC36000C59CB /* CreatePromiUseCase.swift */,
				5251CA052EF9FC47000C59CB /* EditPromiUseCase.swift */,
				5251CA072EF9FC59000C59CB /* DeletePromiUseCase.swift */,
				5251CA092EF9FC6E000C59CB /* MarkDoneUseCase.swift */,
				5251CA0B2EF9FC83000C59CB /* ReopenPromiUseCase.swift */,
				5251CA0D2EF9FC99000C59CB /* AddBravoUseCase.swift */,
				5251CA0F2EF9FCA9000C59CB /* AddCommentUseCase.swift */,
			);
			path = UseCases;
			sourceTree = "<group>";
		};
		5251C9EB2EF9F240000C59CB /* Types */ = {
			isa = PBXGroup;
			children = (
				5251C9EC2EF9F2B9000C59CB /* UseCase.swift */,
				5251C9EF2EF9F2F2000C59CB /* UseCaseResult.swift */,
				5251C9FF2EF9FC07000C59CB /* UseCaseIDs.swift */,
				5251CA012EF9FC1A000C59CB /* UseCaseInputsOutputs.swift */,
			);
			path = Types;
			sourceTree = "<group>";
		};
		5251C9F62EF9F707000C59CB /* Reaction */ = {
			isa = PBXGroup;
			children = (
				5251C9F72EF9F756000C59CB /* ReactionType.swift */,
				5251C9FA2EF9F76C000C59CB /* ReactionRules.swift */,
			);
			path = Reaction;
			sourceTree = "<group>";
		};
		5251CA152EFA0E18000C59CB /* Storage */ = {
			isa = PBXGroup;
			children = (
				5251CA172EFA0F65000C59CB /* AppFilePaths.swift */,
				5251CA192EFA0F79000C59CB /* AtomicFileWriter.swift */,
				5251CA232EFA1AE7000C59CB /* RecoveryReader.swift */,
				52CF58A02EFA2CD7004C87A0 /* RecoveryResult.swift */,
				52CF58AC2EFA3DA9004C87A0 /* DataRoot.swift */,
				52CF58B02EFA42AD004C87A0 /* RawStoreDataReader.swift */,
				523F9FBC2EFACAEE0035CB3F /* ShadowWritePolicy.swift */,
				523F9FBE2EFACB020035CB3F /* ShadowPaths.swift */,
				523F9FC02EFACB1A0035CB3F /* ShadowStoreWriter.swift */,
				523F9FCE2EFAD4720035CB3F /* JSONStoreError.swift */,
				523F9FD22EFAD4ED0035CB3F /* VersionedEnvelope.swift */,
				523F9FD42EFAD4FF0035CB3F /* JSONStore.swift */,
				523F9FDC2EFADA670035CB3F /* CanonicalStoreWritePolicy.swift */,
				523F9FDE2EFADA7B0035CB3F /* CanonicalStoreWriter.swift */,
				523F9FE82EFAFAF80035CB3F /* LegacyUserDefaultsKeys.swift */,
				523F9FEA2EFAFB0B0035CB3F /* LegacyDraftsReader.swift */,
				523F9FEC2EFAFB200035CB3F /* LegacyPromiStoreReader.swift */,
				523F9FF62EFB04870035CB3F /* DraftsPaths.swift */,
				523F9FF82EFB049D0035CB3F /* DraftsMigrator.swift */,
				523FA0002EFB2FB80035CB3F /* PromiStoreSnapshot.swift */,
				523FA0022EFB2FCD0035CB3F /* PromiStorePaths.swift */,
				523FA0042EFB2FE30035CB3F /* PromiStoreMigrator.swift */,
				523FA00C2EFB35E40035CB3F /* PromiStoreEquatableShims.swift */,
				523FA00E2EFB5A470035CB3F /* ReadModelSnapshot.swift */,
				523FA0102EFB5A680035CB3F /* MigratedFilesReader.swift */,
				523FA0122EFB5A870035CB3F /* ReadPathRouter.swift */,
			);
			path = Storage;
			sourceTree = "<group>";
		};
		5251CA162EFA0E29000C59CB /* Audit */ = {
			isa = PBXGroup;
			children = (
				5251CA1B2EFA0F8D000C59CB /* AuditEvent.swift */,
				5251CA1D2EFA0F9E000C59CB /* AuditLogger.swift */,
			);
			path = Audit;
			sourceTree = "<group>";
		};
		526C00FA2EFCB74A00FA6D41 /* FeatureFlags */ = {
			isa = PBXGroup;
			children = (
				526C00FB2EFCB77800FA6D41 /* FeatureFlags.swift */,
			);
			path = FeatureFlags;
			sourceTree = "<group>";
		};
		526C00FD2EFCB79400FA6D41 /* Bootstrap */ = {
			isa = PBXGroup;
			children = (
				526C00FE2EFCB7C200FA6D41 /* ReadPathBootstrapper.swift */,
				526C01082EFCBB5500FA6D41 /* ReadPathActivationGate.swift */,
			);
			path = Bootstrap;
			sourceTree = "<group>";
		};
		52D3F0422EABF4630048149B = {
			isa = PBXGroup;
			children = (
				5269800E2EFD6FD2002A2AC9 /* Promi.xctestplan */,
				52F524162EF9A716007B30D5 /* Presentation */,
				52F524152EF9A6CA007B30D5 /* Infrastructure */,
				52F524142EF9A695007B30D5 /* Application */,
				52F524132EF9A666007B30D5 /* Domain */,
				52D3F0672EABF5AD0048149B /* App */,
				52D3F0662EABF59A0048149B /* Core */,
				52D3F0652EABF5900048149B /* Models */,
				52D3F0642EABF5820048149B /* Stores */,
				52D3F0632EABF5760048149B /* Views */,
				52D3F0622EABF56C0048149B /* Utilities */,
				52D3F0612EABF55C0048149B /* Ressources */,
				52D3F04D2EABF4630048149B /* Promi */,
				52F524232EF9B29E007B30D5 /* PromiTests */,
				52D3F04C2EABF4630048149B /* Products */,
			);
			sourceTree = "<group>";
		};
		52D3F04C2EABF4630048149B /* Products */ = {
			isa = PBXGroup;
			children = (
				52D3F04B2EABF4630048149B /* Promi.app */,
				52F524222EF9B29E007B30D5 /* PromiTests.xctest */,
			);
			name = Products;
			sourceTree = "<group>";
		};
		52D3F0612EABF55C0048149B /* Ressources */ = {
			isa = PBXGroup;
			children = (
				52D3F0522EABF4650048149B /* Assets.xcassets */,
			);
			path = Ressources;
			sourceTree = "<group>";
		};
		52D3F0622EABF56C0048149B /* Utilities */ = {
			isa = PBXGroup;
			children = (
				5298959F2EAC4D87000F57F8 /* LocalizationManager.swift */,
				521B1BA82F93FD5900BFF3E7 /* NotificationManager.swift */,
			);
			path = Utilities;
			sourceTree = "<group>";
		};
		52D3F0632EABF5760048149B /* Views */ = {
			isa = PBXGroup;
			children = (
				52D3F07A2EABF9DF0048149B /* SplashScreenView.swift */,
				52D3F07C2EABFA0A0048149B /* LanguageSelectionView.swift */,
				52D3F07E2EABFA2A0048149B /* OnboardingView.swift */,
				52D3F0802EABFA8A0048149B /* ContentView.swift */,
				52D3F0882EABFB780048149B /* BravoButton.swift */,
				52D3F08A2EABFD070048149B /* FloatingButton.swift */,
				52D3F08C2EABFD260048149B /* AddPromiView.swift */,
				52D3F0902EABFD6F0048149B /* CommentsView.swift */,
				52D3F0922EABFD940048149B /* PaletteView.swift */,
				52D3F0942EABFDB10048149B /* SettingsView.swift */,
				529895A32EAC511B000F57F8 /* PinkyPromiseAnimationView.swift */,
				529895A52EAC56BF000F57F8 /* PromiValidationAnimationView.swift */,
				529895AB2EAC57B7000F57F8 /* IconButton.swift */,
				529895AD2EAC57E0000F57F8 /* KarmaView.swift */,
				529895B12EAC6181000F57F8 /* TutorialOverlayView.swift */,
				52E1A2402EAD14D1007EFAA8 /* CustomIcons.swift */,
				52E1A24A2EAD1580007EFAA8 /* DraftsView.swift */,
				521AFCC42EAD3A2E009D2334 /* MinimalIntensityGaugeView.swift */,
				521AFCC62EAD3E49009D2334 /* EditPromiView.swift */,
				521AFCC82EAD3E7F009D2334 /* PinkyPromiseSlightSlapView.swift */,
				520E36BA2F83BA4F0057DD70 /* PromiFieldVisuals.swift */,
				520E36BC2F8517DD0057DD70 /* PromiListView.swift */,
				520E36BE2F85180E0057DD70 /* PromiCompositionShareView.swift */,
				52BF9BE32F88311000424F02 /* Mesnuéesview.swift */,
				52BF9BE52F88312D00424F02 /* Createnuéeview.swift */,
				52BF9BE72F88315B00424F02 /* Nuéedetailview.swift */,
				52BF9BEB2F8911EA00424F02 /* Homedockcomponents.swift */,
				52BF9BED2F89120700424F02 /* Homechromeprimitives.swift */,
				52BF9C092F8AAB1600424F02 /* MotionTilt.swift */,
				52BF9C0C2F8AFD5700424F02 /* Vitrailchromecellsdata.swift */,
				52BF9C0E2F8BD34900424F02 /* TramePromiField.swift */,
				52BF9C822F8EEA6600424F02 /* AppleSignInView.swift */,
				52BF9C842F8EEABB00424F02 /* UsernameSetupView.swift */,
				5260F8A42F8EFEE10037F9D2 /* ContactPickerView.swift */,
				5260F8A82F8FAEF70037F9D2 /* TermsAcceptanceView.swift */,
				5260F8AA2F8FAF190037F9D2 /* LegalDocumentsView.swift */,
				5260F8AE2F916C180037F9D2 /* ReportSheet.swift */,
				5260F8B02F916C600037F9D2 /* BlockedUsersView.swift */,
				5260F8B42F9257E60037F9D2 /* PromiPlusPaywallView.swift */,
				521B1BAA2F93FF1200BFF3E7 /* PublicChallengeView.swift */,
				521B1BAC2F942B2B00BFF3E7 /* PromiKeptCelebrationView.swift */,
			);
			path = Views;
			sourceTree = "<group>";
		};
		52D3F0642EABF5820048149B /* Stores */ = {
			isa = PBXGroup;
			children = (
				52D3F0742EABF8A60048149B /* UserStore.swift */,
				52D3F0762EABF8CA0048149B /* PromiStore.swift */,
				52D3F0782EABF9000048149B /* KarmaStore.swift */,
				521AFCC22EAD39F7009D2334 /* DraftStore.swift */,
				52BF9BE12F882B7100424F02 /* Nuéestore.swift */,
				52BF9BF12F894A0000424F02 /* NuéeLifecycleManager.swift */,
				5260F8A22F8EFB580037F9D2 /* ContactsStore.swift */,
			);
			path = Stores;
			sourceTree = "<group>";
		};
		52D3F0652EABF5900048149B /* Models */ = {
			isa = PBXGroup;
			children = (
				52D3F06E2EABF83A0048149B /* PromiItem.swift */,
				52D3F0702EABF8620048149B /* Reaction.swift */,
				52D3F0722EABF8870048149B /* KarmaState.swift */,
				529895AF2EAC6153000F57F8 /* TutorialStep.swift */,
				521AFCC02EAD39D5009D2334 /* PromiDraft.swift */,
				52BF9BDF2F882B4C00424F02 /* Nuée.swift */,
				52BF9BE92F884E5900424F02 /* Nuéepalette.swift */,
				52BF9BEF2F89460C00424F02 /* NuéeDraft.swift */,
				5260F8A02F8EFB270037F9D2 /* PromiContact.swift */,
				5260F8A62F8FAE0E0037F9D2 /* LegalConstants.swift */,
				5260F8AC2F8FAF4F0037F9D2 /* LegalTexts.swift */,
				5260F8B22F92573E0037F9D2 /* QuotaConstants.swift */,
			);
			path = Models;
			sourceTree = "<group>";
		};
		52D3F0662EABF59A0048149B /* Core */ = {
			isa = PBXGroup;
			children = (
				52D3F0682EABF6320048149B /* Brand.swift */,
				52D3F06A2EABF6FF0048149B /* Haptics.swift */,
			);
			path = Core;
			sourceTree = "<group>";
		};
		52D3F0672EABF5AD0048149B /* App */ = {
			isa = PBXGroup;
			children = (
				52D3F04E2EABF4630048149B /* PromiApp.swift */,
			);
			path = App;
			sourceTree = "<group>";
		};
		52F524132EF9A666007B30D5 /* Domain */ = {
			isa = PBXGroup;
			children = (
				52BF9BF32F8A5DC200424F02 /* Sync */,
				5251C9F62EF9F707000C59CB /* Reaction */,
				5251C9DD2EF9E94E000C59CB /* Social */,
				52F5242D2EF9B9B8007B30D5 /* ValueObjects */,
				52F524172EF9B0BC007B30D5 /* Errors */,
			);
			path = Domain;
			sourceTree = "<group>";
		};
		52F524142EF9A695007B30D5 /* Application */ = {
			isa = PBXGroup;
			children = (
				526C00FD2EFCB79400FA6D41 /* Bootstrap */,
				526C00FA2EFCB74A00FA6D41 /* FeatureFlags */,
				5251C9EB2EF9F240000C59CB /* Types */,
				5251C9EA2EF9F22F000C59CB /* UseCases */,
			);
			path = Application;
			sourceTree = "<group>";
		};
		52F524152EF9A6CA007B30D5 /* Infrastructure */ = {
			isa = PBXGroup;
			children = (
				52BF9BFA2F8A5E2A00424F02 /* Sync */,
				5251CA162EFA0E29000C59CB /* Audit */,
				5251CA152EFA0E18000C59CB /* Storage */,
			);
			path = Infrastructure;
			sourceTree = "<group>";
		};
		52F524162EF9A716007B30D5 /* Presentation */ = {
			isa = PBXGroup;
			children = (
				523FA01A2EFB76820035CB3F /* Stores */,
			);
			path = Presentation;
			sourceTree = "<group>";
		};
		52F524172EF9B0BC007B30D5 /* Errors */ = {
			isa = PBXGroup;
			children = (
				52F524182EF9B103007B30D5 /* PromiError.swift */,
				52F5241A2EF9B119007B30D5 /* ValidationError.swift */,
				52F5241C2EF9B13C007B30D5 /* PersistenceError.swift */,
			);
			path = Errors;
			sourceTree = "<group>";
		};
		52F5242D2EF9B9B8007B30D5 /* ValueObjects */ = {
			isa = PBXGroup;
			children = (
				52F5242E2EF9BA19007B30D5 /* DomainTokens.swift */,
				52F524312EF9BA2F007B30D5 /* PromiTitle.swift */,
				52F524342EF9BA45007B30D5 /* CommentText.swift */,
			);
			path = ValueObjects;
			sourceTree = "<group>";
		};
/* End PBXGroup section */

/* Begin PBXNativeTarget section */
		52D3F04A2EABF4630048149B /* Promi */ = {
			isa = PBXNativeTarget;
			buildConfigurationList = 52D3F0562EABF4650048149B /* Build configuration list for PBXNativeTarget "Promi" */;
			buildPhases = (
				52D3F0472EABF4630048149B /* Sources */,
				52D3F0482EABF4630048149B /* Frameworks */,
				52D3F0492EABF4630048149B /* Resources */,
			);
			buildRules = (
			);
			dependencies = (
			);
			fileSystemSynchronizedGroups = (
				52BF9BF32F8A5DC200424F02 /* Sync */,
				52BF9BFA2F8A5E2A00424F02 /* Sync */,
				52D3F04D2EABF4630048149B /* Promi */,
			);
			name = Promi;
			packageProductDependencies = (
			);
			productName = Promi;
			productReference = 52D3F04B2EABF4630048149B /* Promi.app */;
			productType = "com.apple.product-type.application";
		};
		52F524212EF9B29E007B30D5 /* PromiTests */ = {
			isa = PBXNativeTarget;
			buildConfigurationList = 52F524282EF9B29E007B30D5 /* Build configuration list for PBXNativeTarget "PromiTests" */;
			buildPhases = (
				52F5241E2EF9B29E007B30D5 /* Sources */,
				52F5241F2EF9B29E007B30D5 /* Frameworks */,
				52F524202EF9B29E007B30D5 /* Resources */,
			);
			buildRules = (
			);
			dependencies = (
				52F524272EF9B29E007B30D5 /* PBXTargetDependency */,
			);
			fileSystemSynchronizedGroups = (
				52F524232EF9B29E007B30D5 /* PromiTests */,
			);
			name = PromiTests;
			packageProductDependencies = (
			);
			productName = PromiTests;
			productReference = 52F524222EF9B29E007B30D5 /* PromiTests.xctest */;
			productType = "com.apple.product-type.bundle.unit-test";
		};
/* End PBXNativeTarget section */

/* Begin PBXProject section */
		52D3F0432EABF4630048149B /* Project object */ = {
			isa = PBXProject;
			attributes = {
				BuildIndependentTargetsInParallel = YES;
				LastSwiftUpdateCheck = 2610;
				LastUpgradeCheck = 2610;
				TargetAttributes = {
					52D3F04A2EABF4630048149B = {
						CreatedOnToolsVersion = 26.0.1;
					};
					52F524212EF9B29E007B30D5 = {
						CreatedOnToolsVersion = 26.1.1;
						TestTargetID = 52D3F04A2EABF4630048149B;
					};
				};
			};
			buildConfigurationList = 52D3F0462EABF4630048149B /* Build configuration list for PBXProject "Promi" */;
			developmentRegion = en;
			hasScannedForEncodings = 0;
			knownRegions = (
				en,
				Base,
			);
			mainGroup = 52D3F0422EABF4630048149B;
			minimizedProjectReferenceProxies = 1;
			preferredProjectObjectVersion = 77;
			productRefGroup = 52D3F04C2EABF4630048149B /* Products */;
			projectDirPath = "";
			projectRoot = "";
			targets = (
				52D3F04A2EABF4630048149B /* Promi */,
				52F524212EF9B29E007B30D5 /* PromiTests */,
			);
		};
/* End PBXProject section */

/* Begin PBXResourcesBuildPhase section */
		52D3F0492EABF4630048149B /* Resources */ = {
			isa = PBXResourcesBuildPhase;
			buildActionMask = 2147483647;
			files = (
				52D3F0532EABF4650048149B /* Assets.xcassets in Resources */,
			);
			runOnlyForDeploymentPostprocessing = 0;
		};
		52F524202EF9B29E007B30D5 /* Resources */ = {
			isa = PBXResourcesBuildPhase;
			buildActionMask = 2147483647;
			files = (
			);
			runOnlyForDeploymentPostprocessing = 0;
		};
/* End PBXResourcesBuildPhase section */

/* Begin PBXSourcesBuildPhase section */
		52D3F0472EABF4630048149B /* Sources */ = {
			isa = PBXSourcesBuildPhase;
			buildActionMask = 2147483647;
			files = (
				52D3F0732EABF8870048149B /* KarmaState.swift in Sources */,
				5251CA0C2EF9FC83000C59CB /* ReopenPromiUseCase.swift in Sources */,
				523F9FE92EFAFAF80035CB3F /* LegacyUserDefaultsKeys.swift in Sources */,
				52E1A24B2EAD1580007EFAA8 /* DraftsView.swift in Sources */,
				5251C9E12EF9E99E000C59CB /* SocialRules.swift in Sources */,
				52D3F0812EABFA8A0048149B /* ContentView.swift in Sources */,
				52D3F06B2EABF6FF0048149B /* Haptics.swift in Sources */,
				521AFCC12EAD39D5009D2334 /* PromiDraft.swift in Sources */,
				523F9FDF2EFADA7B0035CB3F /* CanonicalStoreWriter.swift in Sources */,
				5251CA022EF9FC1A000C59CB /* UseCaseInputsOutputs.swift in Sources */,
				523F9FDD2EFADA670035CB3F /* CanonicalStoreWritePolicy.swift in Sources */,
				5251CA102EF9FCA9000C59CB /* AddCommentUseCase.swift in Sources */,
				520E36BF2F85180E0057DD70 /* PromiCompositionShareView.swift in Sources */,
				5260F8A12F8EFB270037F9D2 /* PromiContact.swift in Sources */,
				52D3F08B2EABFD070048149B /* FloatingButton.swift in Sources */,
				523F9FF72EFB04870035CB3F /* DraftsPaths.swift in Sources */,
				523FA0052EFB2FE30035CB3F /* PromiStoreMigrator.swift in Sources */,
				52F5242F2EF9BA19007B30D5 /* DomainTokens.swift in Sources */,
				5251CA042EF9FC36000C59CB /* CreatePromiUseCase.swift in Sources */,
				5251CA082EF9FC59000C59CB /* DeletePromiUseCase.swift in Sources */,
				523F9FBD2EFACAEE0035CB3F /* ShadowWritePolicy.swift in Sources */,
				529895AC2EAC57B7000F57F8 /* IconButton.swift in Sources */,
				529895A02EAC4D87000F57F8 /* LocalizationManager.swift in Sources */,
				5260F8B12F916C600037F9D2 /* BlockedUsersView.swift in Sources */,
				52D3F0772EABF8CA0048149B /* PromiStore.swift in Sources */,
				52D3F0912EABFD6F0048149B /* CommentsView.swift in Sources */,
				5260F8AD2F8FAF4F0037F9D2 /* LegalTexts.swift in Sources */,
				52D3F0712EABF8620048149B /* Reaction.swift in Sources */,
				5251CA0A2EF9FC6E000C59CB /* MarkDoneUseCase.swift in Sources */,
				5260F8AF2F916C180037F9D2 /* ReportSheet.swift in Sources */,
				523FA0132EFB5A870035CB3F /* ReadPathRouter.swift in Sources */,
				52D3F07D2EABFA0A0048149B /* LanguageSelectionView.swift in Sources */,
				52CF58B12EFA42AD004C87A0 /* RawStoreDataReader.swift in Sources */,
				5260F8A52F8EFEE10037F9D2 /* ContactPickerView.swift in Sources */,
				5260F8B52F9257E60037F9D2 /* PromiPlusPaywallView.swift in Sources */,
				5251CA182EFA0F65000C59CB /* AppFilePaths.swift in Sources */,
				529895A42EAC511B000F57F8 /* PinkyPromiseAnimationView.swift in Sources */,
				526C01092EFCBB5500FA6D41 /* ReadPathActivationGate.swift in Sources */,
				52F5241D2EF9B13C007B30D5 /* PersistenceError.swift in Sources */,
				5251C9DF2EF9E989000C59CB /* BravoKey.swift in Sources */,
				52BF9C832F8EEA6600424F02 /* AppleSignInView.swift in Sources */,
				521AFCC32EAD39F7009D2334 /* DraftStore.swift in Sources */,
				521AFCC72EAD3E49009D2334 /* EditPromiView.swift in Sources */,
				5251C9FB2EF9F76C000C59CB /* ReactionRules.swift in Sources */,
				52F524352EF9BA45007B30D5 /* CommentText.swift in Sources */,
				5251CA1A2EFA0F79000C59CB /* AtomicFileWriter.swift in Sources */,
				523FA0112EFB5A680035CB3F /* MigratedFilesReader.swift in Sources */,
				5251CA1E2EFA0F9E000C59CB /* AuditLogger.swift in Sources */,
				520E36BB2F83BA4F0057DD70 /* PromiFieldVisuals.swift in Sources */,
				521B1BAB2F93FF1200BFF3E7 /* PublicChallengeView.swift in Sources */,
				52CF58A12EFA2CD7004C87A0 /* RecoveryResult.swift in Sources */,
				521B1BAD2F942B2B00BFF3E7 /* PromiKeptCelebrationView.swift in Sources */,
				52D3F0952EABFDB10048149B /* SettingsView.swift in Sources */,
				5251C9F82EF9F756000C59CB /* ReactionType.swift in Sources */,
				5251CA002EF9FC07000C59CB /* UseCaseIDs.swift in Sources */,
				5251CA1C2EFA0F8D000C59CB /* AuditEvent.swift in Sources */,
				526C00FF2EFCB7C200FA6D41 /* ReadPathBootstrapper.swift in Sources */,
				5251C9F32EF9F32D000C59CB /* NoopUseCases.swift in Sources */,
				52BF9BE62F88312D00424F02 /* Createnuéeview.swift in Sources */,
				523FA00F2EFB5A470035CB3F /* ReadModelSnapshot.swift in Sources */,
				5251CA062EF9FC47000C59CB /* EditPromiUseCase.swift in Sources */,
				52D3F08D2EABFD260048149B /* AddPromiView.swift in Sources */,
				52D3F06F2EABF83A0048149B /* PromiItem.swift in Sources */,
				5251C9F02EF9F2F2000C59CB /* UseCaseResult.swift in Sources */,
				5251CA242EFA1AE7000C59CB /* RecoveryReader.swift in Sources */,
				52BF9BF22F894A0000424F02 /* NuéeLifecycleManager.swift in Sources */,
				52BF9BEE2F89120700424F02 /* Homechromeprimitives.swift in Sources */,
				529895AE2EAC57E0000F57F8 /* KarmaView.swift in Sources */,
				52BF9BF02F89460C00424F02 /* NuéeDraft.swift in Sources */,
				52BF9BE22F882B7100424F02 /* Nuéestore.swift in Sources */,
				523F9FED2EFAFB200035CB3F /* LegacyPromiStoreReader.swift in Sources */,
				521AFCC52EAD3A2E009D2334 /* MinimalIntensityGaugeView.swift in Sources */,
				5260F8A72F8FAE0E0037F9D2 /* LegalConstants.swift in Sources */,
				52BF9C852F8EEABB00424F02 /* UsernameSetupView.swift in Sources */,
				52D3F0752EABF8A60048149B /* UserStore.swift in Sources */,
				523F9FC12EFACB1A0035CB3F /* ShadowStoreWriter.swift in Sources */,
				52D3F0692EABF6320048149B /* Brand.swift in Sources */,
				5260F8B32F92573E0037F9D2 /* QuotaConstants.swift in Sources */,
				52F524322EF9BA2F007B30D5 /* PromiTitle.swift in Sources */,
				529895A62EAC56BF000F57F8 /* PromiValidationAnimationView.swift in Sources */,
				5260F8AB2F8FAF190037F9D2 /* LegalDocumentsView.swift in Sources */,
				52BF9C0A2F8AAB1600424F02 /* MotionTilt.swift in Sources */,
				5251CA0E2EF9FC99000C59CB /* AddBravoUseCase.swift in Sources */,
				52BF9BE02F882B4C00424F02 /* Nuée.swift in Sources */,
				523F9FF92EFB049D0035CB3F /* DraftsMigrator.swift in Sources */,
				5251C9EE2EF9F2CC000C59CB /* UseCase.swift in Sources */,
				52BF9BEC2F8911EA00424F02 /* Homedockcomponents.swift in Sources */,
				523F9FEB2EFAFB0B0035CB3F /* LegacyDraftsReader.swift in Sources */,
				529895B02EAC6153000F57F8 /* TutorialStep.swift in Sources */,
				52F524192EF9B103007B30D5 /* PromiError.swift in Sources */,
				52BF9C0D2F8AFD5700424F02 /* Vitrailchromecellsdata.swift in Sources */,
				52BF9BE42F88311000424F02 /* Mesnuéesview.swift in Sources */,
				52CF58AD2EFA3DA9004C87A0 /* DataRoot.swift in Sources */,
				52D3F04F2EABF4630048149B /* PromiApp.swift in Sources */,
				523F9FBF2EFACB020035CB3F /* ShadowPaths.swift in Sources */,
				52BF9BE82F88315B00424F02 /* Nuéedetailview.swift in Sources */,
				52BF9BEA2F884E5900424F02 /* Nuéepalette.swift in Sources */,
				520E36BD2F8517DD0057DD70 /* PromiListView.swift in Sources */,
				52D3F0792EABF9000048149B /* KarmaStore.swift in Sources */,
				523FA01C2EFB76A00035CB3F /* ReadOnlyDraftStore.swift in Sources */,
				5260F8A92F8FAEF70037F9D2 /* TermsAcceptanceView.swift in Sources */,
				523FA0222EFB853F0035CB3F /* ReadOnlyPromiStore.swift in Sources */,
				52E1A2412EAD14D1007EFAA8 /* CustomIcons.swift in Sources */,
				52BF9C0F2F8BD34A00424F02 /* TramePromiField.swift in Sources */,
				521B1BA92F93FD5900BFF3E7 /* NotificationManager.swift in Sources */,
				523FA00D2EFB35E40035CB3F /* PromiStoreEquatableShims.swift in Sources */,
				523F9FD32EFAD4ED0035CB3F /* VersionedEnvelope.swift in Sources */,
				521AFCC92EAD3E7F009D2334 /* PinkyPromiseSlightSlapView.swift in Sources */,
				523F9FCF2EFAD4720035CB3F /* JSONStoreError.swift in Sources */,
				526C00FC2EFCB77800FA6D41 /* FeatureFlags.swift in Sources */,
				5260F8A32F8EFB580037F9D2 /* ContactsStore.swift in Sources */,
				529895B22EAC6181000F57F8 /* TutorialOverlayView.swift in Sources */,
				52D3F07B2EABF9DF0048149B /* SplashScreenView.swift in Sources */,
				52D3F0892EABFB780048149B /* BravoButton.swift in Sources */,
				52D3F07F2EABFA2A0048149B /* OnboardingView.swift in Sources */,
				52D3F0932EABFD940048149B /* PaletteView.swift in Sources */,
				523FA0032EFB2FCD0035CB3F /* PromiStorePaths.swift in Sources */,
				523FA0012EFB2FB80035CB3F /* PromiStoreSnapshot.swift in Sources */,
				523F9FD52EFAD4FF0035CB3F /* JSONStore.swift in Sources */,
				52F5241B2EF9B119007B30D5 /* ValidationError.swift in Sources */,
			);
			runOnlyForDeploymentPostprocessing = 0;
		};
		52F5241E2EF9B29E007B30D5 /* Sources */ = {
			isa = PBXSourcesBuildPhase;
			buildActionMask = 2147483647;
			files = (
			);
			runOnlyForDeploymentPostprocessing = 0;
		};
/* End PBXSourcesBuildPhase section */

/* Begin PBXTargetDependency section */
		52F524272EF9B29E007B30D5 /* PBXTargetDependency */ = {
			isa = PBXTargetDependency;
			target = 52D3F04A2EABF4630048149B /* Promi */;
			targetProxy = 52F524262EF9B29E007B30D5 /* PBXContainerItemProxy */;
		};
/* End PBXTargetDependency section */

/* Begin XCBuildConfiguration section */
		52D3F0542EABF4650048149B /* Debug */ = {
			isa = XCBuildConfiguration;
			buildSettings = {
				ALWAYS_SEARCH_USER_PATHS = NO;
				ASSETCATALOG_COMPILER_GENERATE_SWIFT_ASSET_SYMBOL_EXTENSIONS = YES;
				CLANG_ANALYZER_NONNULL = YES;
				CLANG_ANALYZER_NUMBER_OBJECT_CONVERSION = YES_AGGRESSIVE;
				CLANG_CXX_LANGUAGE_STANDARD = "gnu++20";
				CLANG_ENABLE_MODULES = YES;
				CLANG_ENABLE_OBJC_ARC = YES;
				CLANG_ENABLE_OBJC_WEAK = YES;
				CLANG_WARN_BLOCK_CAPTURE_AUTORELEASING = YES;
				CLANG_WARN_BOOL_CONVERSION = YES;
				CLANG_WARN_COMMA = YES;
				CLANG_WARN_CONSTANT_CONVERSION = YES;
				CLANG_WARN_DEPRECATED_OBJC_IMPLEMENTATIONS = YES;
				CLANG_WARN_DIRECT_OBJC_ISA_USAGE = YES_ERROR;
				CLANG_WARN_DOCUMENTATION_COMMENTS = YES;
				CLANG_WARN_EMPTY_BODY = YES;
				CLANG_WARN_ENUM_CONVERSION = YES;
				CLANG_WARN_INFINITE_RECURSION = YES;
				CLANG_WARN_INT_CONVERSION = YES;
				CLANG_WARN_NON_LITERAL_NULL_CONVERSION = YES;
				CLANG_WARN_OBJC_IMPLICIT_RETAIN_SELF = YES;
				CLANG_WARN_OBJC_LITERAL_CONVERSION = YES;
				CLANG_WARN_OBJC_ROOT_CLASS = YES_ERROR;
				CLANG_WARN_QUOTED_INCLUDE_IN_FRAMEWORK_HEADER = YES;
				CLANG_WARN_RANGE_LOOP_ANALYSIS = YES;
				CLANG_WARN_STRICT_PROTOTYPES = YES;
				CLANG_WARN_SUSPICIOUS_MOVE = YES;
				CLANG_WARN_UNGUARDED_AVAILABILITY = YES_AGGRESSIVE;
				CLANG_WARN_UNREACHABLE_CODE = YES;
				CLANG_WARN__DUPLICATE_METHOD_MATCH = YES;
				COPY_PHASE_STRIP = NO;
				DEBUG_INFORMATION_FORMAT = dwarf;
				DEVELOPMENT_TEAM = B77VBMD9BF;
				ENABLE_STRICT_OBJC_MSGSEND = YES;
				ENABLE_TESTABILITY = YES;
				ENABLE_USER_SCRIPT_SANDBOXING = YES;
				GCC_C_LANGUAGE_STANDARD = gnu17;
				GCC_DYNAMIC_NO_PIC = NO;
				GCC_NO_COMMON_BLOCKS = YES;
				GCC_OPTIMIZATION_LEVEL = 0;
				GCC_PREPROCESSOR_DEFINITIONS = (
					"DEBUG=1",
					"$(inherited)",
				);
				GCC_WARN_64_TO_32_BIT_CONVERSION = YES;
				GCC_WARN_ABOUT_RETURN_TYPE = YES_ERROR;
				GCC_WARN_UNDECLARED_SELECTOR = YES;
				GCC_WARN_UNINITIALIZED_AUTOS = YES_AGGRESSIVE;
				GCC_WARN_UNUSED_FUNCTION = YES;
				GCC_WARN_UNUSED_VARIABLE = YES;
				IPHONEOS_DEPLOYMENT_TARGET = 26.0;
				LOCALIZATION_PREFERS_STRING_CATALOGS = YES;
				MTL_ENABLE_DEBUG_INFO = INCLUDE_SOURCE;
				MTL_FAST_MATH = YES;
				ONLY_ACTIVE_ARCH = YES;
				SDKROOT = iphoneos;
				STRING_CATALOG_GENERATE_SYMBOLS = YES;
				SWIFT_ACTIVE_COMPILATION_CONDITIONS = "DEBUG $(inherited)";
				SWIFT_OPTIMIZATION_LEVEL = "-Onone";
			};
			name = Debug;
		};
		52D3F0552EABF4650048149B /* Release */ = {
			isa = XCBuildConfiguration;
			buildSettings = {
				ALWAYS_SEARCH_USER_PATHS = NO;
				ASSETCATALOG_COMPILER_GENERATE_SWIFT_ASSET_SYMBOL_EXTENSIONS = YES;
				CLANG_ANALYZER_NONNULL = YES;
				CLANG_ANALYZER_NUMBER_OBJECT_CONVERSION = YES_AGGRESSIVE;
				CLANG_CXX_LANGUAGE_STANDARD = "gnu++20";
				CLANG_ENABLE_MODULES = YES;
				CLANG_ENABLE_OBJC_ARC = YES;
				CLANG_ENABLE_OBJC_WEAK = YES;
				CLANG_WARN_BLOCK_CAPTURE_AUTORELEASING = YES;
				CLANG_WARN_BOOL_CONVERSION = YES;
				CLANG_WARN_COMMA = YES;
				CLANG_WARN_CONSTANT_CONVERSION = YES;
				CLANG_WARN_DEPRECATED_OBJC_IMPLEMENTATIONS = YES;
				CLANG_WARN_DIRECT_OBJC_ISA_USAGE = YES_ERROR;
				CLANG_WARN_DOCUMENTATION_COMMENTS = YES;
				CLANG_WARN_EMPTY_BODY = YES;
				CLANG_WARN_ENUM_CONVERSION = YES;
				CLANG_WARN_INFINITE_RECURSION = YES;
				CLANG_WARN_INT_CONVERSION = YES;
				CLANG_WARN_NON_LITERAL_NULL_CONVERSION = YES;
				CLANG_WARN_OBJC_IMPLICIT_RETAIN_SELF = YES;
				CLANG_WARN_OBJC_LITERAL_CONVERSION = YES;
				CLANG_WARN_OBJC_ROOT_CLASS = YES_ERROR;
				CLANG_WARN_QUOTED_INCLUDE_IN_FRAMEWORK_HEADER = YES;
				CLANG_WARN_RANGE_LOOP_ANALYSIS = YES;
				CLANG_WARN_STRICT_PROTOTYPES = YES;
				CLANG_WARN_SUSPICIOUS_MOVE = YES;
				CLANG_WARN_UNGUARDED_AVAILABILITY = YES_AGGRESSIVE;
				CLANG_WARN_UNREACHABLE_CODE = YES;
				CLANG_WARN__DUPLICATE_METHOD_MATCH = YES;
				COPY_PHASE_STRIP = NO;
				DEBUG_INFORMATION_FORMAT = "dwarf-with-dsym";
				DEVELOPMENT_TEAM = B77VBMD9BF;
				ENABLE_NS_ASSERTIONS = NO;
				ENABLE_STRICT_OBJC_MSGSEND = YES;
				ENABLE_USER_SCRIPT_SANDBOXING = YES;
				GCC_C_LANGUAGE_STANDARD = gnu17;
				GCC_NO_COMMON_BLOCKS = YES;
				GCC_WARN_64_TO_32_BIT_CONVERSION = YES;
				GCC_WARN_ABOUT_RETURN_TYPE = YES_ERROR;
				GCC_WARN_UNDECLARED_SELECTOR = YES;
				GCC_WARN_UNINITIALIZED_AUTOS = YES_AGGRESSIVE;
				GCC_WARN_UNUSED_FUNCTION = YES;
				GCC_WARN_UNUSED_VARIABLE = YES;
				IPHONEOS_DEPLOYMENT_TARGET = 26.0;
				LOCALIZATION_PREFERS_STRING_CATALOGS = YES;
				MTL_ENABLE_DEBUG_INFO = NO;
				MTL_FAST_MATH = YES;
				SDKROOT = iphoneos;
				STRING_CATALOG_GENERATE_SYMBOLS = YES;
				SWIFT_COMPILATION_MODE = wholemodule;
				VALIDATE_PRODUCT = YES;
			};
			name = Release;
		};
		52D3F0572EABF4650048149B /* Debug */ = {
			isa = XCBuildConfiguration;
			buildSettings = {
				ASSETCATALOG_COMPILER_APPICON_NAME = AppIcon;
				ASSETCATALOG_COMPILER_GLOBAL_ACCENT_COLOR_NAME = AccentColor;
				CODE_SIGN_ENTITLEMENTS = Promi/Promi.entitlements;
				CODE_SIGN_STYLE = Automatic;
				CURRENT_PROJECT_VERSION = 1;
				ENABLE_PREVIEWS = YES;
				GENERATE_INFOPLIST_FILE = YES;
				INFOPLIST_KEY_NSCameraUsageDescription = "Pour prendre des photos";
				INFOPLIST_KEY_NSMicrophoneUsageDescription = "Pour enregistrer des notes audio";
				INFOPLIST_KEY_NSPhotoLibraryUsageDescription = "Pour ajouter des photos à vos Promis";
				INFOPLIST_KEY_UIApplicationSceneManifest_Generation = YES;
				INFOPLIST_KEY_UIApplicationSupportsIndirectInputEvents = YES;
				INFOPLIST_KEY_UILaunchScreen_Generation = YES;
				INFOPLIST_KEY_UISupportedInterfaceOrientations_iPad = "UIInterfaceOrientationPortrait UIInterfaceOrientationPortraitUpsideDown UIInterfaceOrientationLandscapeLeft UIInterfaceOrientationLandscapeRight";
				INFOPLIST_KEY_UISupportedInterfaceOrientations_iPhone = "UIInterfaceOrientationPortrait UIInterfaceOrientationLandscapeLeft UIInterfaceOrientationLandscapeRight";
				LD_RUNPATH_SEARCH_PATHS = (
					"$(inherited)",
					"@executable_path/Frameworks",
				);
				MARKETING_VERSION = 1.0;
				PRODUCT_BUNDLE_IDENTIFIER = com.tom.promi.Promi;
				PRODUCT_NAME = "$(TARGET_NAME)";
				STRING_CATALOG_GENERATE_SYMBOLS = YES;
				SWIFT_APPROACHABLE_CONCURRENCY = YES;
				SWIFT_DEFAULT_ACTOR_ISOLATION = MainActor;
				SWIFT_EMIT_LOC_STRINGS = YES;
				SWIFT_UPCOMING_FEATURE_MEMBER_IMPORT_VISIBILITY = YES;
				SWIFT_VERSION = 5.0;
				TARGETED_DEVICE_FAMILY = "1,2";
			};
			name = Debug;
		};
		52D3F0582EABF4650048149B /* Release */ = {
			isa = XCBuildConfiguration;
			buildSettings = {
				ASSETCATALOG_COMPILER_APPICON_NAME = AppIcon;
				ASSETCATALOG_COMPILER_GLOBAL_ACCENT_COLOR_NAME = AccentColor;
				CODE_SIGN_ENTITLEMENTS = Promi/Promi.entitlements;
				CODE_SIGN_STYLE = Automatic;
				CURRENT_PROJECT_VERSION = 1;
				ENABLE_PREVIEWS = YES;
				GENERATE_INFOPLIST_FILE = YES;
				INFOPLIST_KEY_NSCameraUsageDescription = "Pour prendre des photos";
				INFOPLIST_KEY_NSMicrophoneUsageDescription = "Pour enregistrer des notes audio";
				INFOPLIST_KEY_NSPhotoLibraryUsageDescription = "Pour ajouter des photos à vos Promis";
				INFOPLIST_KEY_UIApplicationSceneManifest_Generation = YES;
				INFOPLIST_KEY_UIApplicationSupportsIndirectInputEvents = YES;
				INFOPLIST_KEY_UILaunchScreen_Generation = YES;
				INFOPLIST_KEY_UISupportedInterfaceOrientations_iPad = "UIInterfaceOrientationPortrait UIInterfaceOrientationPortraitUpsideDown UIInterfaceOrientationLandscapeLeft UIInterfaceOrientationLandscapeRight";
				INFOPLIST_KEY_UISupportedInterfaceOrientations_iPhone = "UIInterfaceOrientationPortrait UIInterfaceOrientationLandscapeLeft UIInterfaceOrientationLandscapeRight";
				LD_RUNPATH_SEARCH_PATHS = (
					"$(inherited)",
					"@executable_path/Frameworks",
				);
				MARKETING_VERSION = 1.0;
				PRODUCT_BUNDLE_IDENTIFIER = com.tom.promi.Promi;
				PRODUCT_NAME = "$(TARGET_NAME)";
				STRING_CATALOG_GENERATE_SYMBOLS = YES;
				SWIFT_APPROACHABLE_CONCURRENCY = YES;
				SWIFT_DEFAULT_ACTOR_ISOLATION = MainActor;
				SWIFT_EMIT_LOC_STRINGS = YES;
				SWIFT_UPCOMING_FEATURE_MEMBER_IMPORT_VISIBILITY = YES;
				SWIFT_VERSION = 5.0;
				TARGETED_DEVICE_FAMILY = "1,2";
			};
			name = Release;
		};
		52F524292EF9B29E007B30D5 /* Debug */ = {
			isa = XCBuildConfiguration;
			buildSettings = {
				BUNDLE_LOADER = "$(TEST_HOST)";
				CODE_SIGN_STYLE = Automatic;
				CURRENT_PROJECT_VERSION = 1;
				GENERATE_INFOPLIST_FILE = YES;
				IPHONEOS_DEPLOYMENT_TARGET = 26.0;
				MARKETING_VERSION = 1.0;
				PRODUCT_BUNDLE_IDENTIFIER = com.tom.fairly.Fairly.PromiTests;
				PRODUCT_NAME = "$(TARGET_NAME)";
				STRING_CATALOG_GENERATE_SYMBOLS = NO;
				SWIFT_APPROACHABLE_CONCURRENCY = YES;
				SWIFT_EMIT_LOC_STRINGS = NO;
				SWIFT_UPCOMING_FEATURE_MEMBER_IMPORT_VISIBILITY = YES;
				SWIFT_VERSION = 5.0;
				TARGETED_DEVICE_FAMILY = "1,2";
				TEST_HOST = "$(BUILT_PRODUCTS_DIR)/Promi.app/$(BUNDLE_EXECUTABLE_FOLDER_PATH)/Promi";
			};
			name = Debug;
		};
		52F5242A2EF9B29E007B30D5 /* Release */ = {
			isa = XCBuildConfiguration;
			buildSettings = {
				BUNDLE_LOADER = "$(TEST_HOST)";
				CODE_SIGN_STYLE = Automatic;
				CURRENT_PROJECT_VERSION = 1;
				GENERATE_INFOPLIST_FILE = YES;
				IPHONEOS_DEPLOYMENT_TARGET = 26.0;
				MARKETING_VERSION = 1.0;
				PRODUCT_BUNDLE_IDENTIFIER = com.tom.fairly.Fairly.PromiTests;
				PRODUCT_NAME = "$(TARGET_NAME)";
				STRING_CATALOG_GENERATE_SYMBOLS = NO;
				SWIFT_APPROACHABLE_CONCURRENCY = YES;
				SWIFT_EMIT_LOC_STRINGS = NO;
				SWIFT_UPCOMING_FEATURE_MEMBER_IMPORT_VISIBILITY = YES;
				SWIFT_VERSION = 5.0;
				TARGETED_DEVICE_FAMILY = "1,2";
				TEST_HOST = "$(BUILT_PRODUCTS_DIR)/Promi.app/$(BUNDLE_EXECUTABLE_FOLDER_PATH)/Promi";
			};
			name = Release;
		};
/* End XCBuildConfiguration section */

/* Begin XCConfigurationList section */
		52D3F0462EABF4630048149B /* Build configuration list for PBXProject "Promi" */ = {
			isa = XCConfigurationList;
			buildConfigurations = (
				52D3F0542EABF4650048149B /* Debug */,
				52D3F0552EABF4650048149B /* Release */,
			);
			defaultConfigurationIsVisible = 0;
			defaultConfigurationName = Release;
		};
		52D3F0562EABF4650048149B /* Build configuration list for PBXNativeTarget "Promi" */ = {
			isa = XCConfigurationList;
			buildConfigurations = (
				52D3F0572EABF4650048149B /* Debug */,
				52D3F0582EABF4650048149B /* Release */,
			);
			defaultConfigurationIsVisible = 0;
			defaultConfigurationName = Release;
		};
		52F524282EF9B29E007B30D5 /* Build configuration list for PBXNativeTarget "PromiTests" */ = {
			isa = XCConfigurationList;
			buildConfigurations = (
				52F524292EF9B29E007B30D5 /* Debug */,
				52F5242A2EF9B29E007B30D5 /* Release */,
			);
			defaultConfigurationIsVisible = 0;
			defaultConfigurationName = Release;
		};
/* End XCConfigurationList section */
	};
	rootObject = 52D3F0432EABF4630048149B /* Project object */;
}
